
Microsoft Visual Studio Solution File, Format Version 12.00
# Visual Studio 15
VisualStudioVersion = 15.0.27130.2026
MinimumVisualStudioVersion = 15.0.26124.0
Project("{9A19103F-16F7-4668-BE54-9A1E7A4F7556}") = "Dashing", "Dashing\Dashing.csproj", "{54B26C08-9BFD-46C4-A16E-97034A1ED114}"
EndProject
Project("{9A19103F-16F7-4668-BE54-9A1E7A4F7556}") = "Dashing.Testing", "Dashing.Testing\Dashing.Testing.csproj", "{FD6D789C-4AFB-40B2-BD40-9CA8B73538D4}"
EndProject
Project("{2150E333-8FDC-42A3-9474-1A3956D46DE8}") = "Tests", "Tests", "{736005D8-C028-4F23-B44C-91CDA2183A2D}"
EndProject
Project("{9A19103F-16F7-4668-BE54-9A1E7A4F7556}") = "Dashing.Weaving.Sample", "Dashing.Weaving.Sample\Dashing.Weaving.Sample.csproj", "{E2C843AC-64B1-47B9-BF1A-CF684FB6C699}"
EndProject
Project("{9A19103F-16F7-4668-BE54-9A1E7A4F7556}") = "Dashing.Weaving.Sample2", "Dashing.Weaving.Sample2\Dashing.Weaving.Sample2.csproj", "{5E06E370-8753-48DB-86C2-9AF4871FEF95}"
EndProject
Project("{9A19103F-16F7-4668-BE54-9A1E7A4F7556}") = "Dashing.Tests", "Dashing.Tests\Dashing.Tests.csproj", "{38DA6DBA-1894-46E0-9DC4-58CC21036A60}"
EndProject
Project("{9A19103F-16F7-4668-BE54-9A1E7A4F7556}") = "Dashing.Testing.Tests", "Dashing.Testing.Tests\Dashing.Testing.Tests.csproj", "{11B63BCF-51C2-4221-AC5B-232230665293}"
EndProject
Project("{9A19103F-16F7-4668-BE54-9A1E7A4F7556}") = "Dashing.Weaving.Tests", "Dashing.Weaving.Tests\Dashing.Weaving.Tests.csproj", "{BDBFA448-CD7C-46A0-9CAF-E8264071D1AA}"
EndProject
Project("{9A19103F-16F7-4668-BE54-9A1E7A4F7556}") = "Dashing.Weaver", "Dashing.Weaver\Dashing.Weaver.csproj", "{D8603DCD-234C-407B-B917-669755CF5877}"
EndProject
Project("{9A19103F-16F7-4668-BE54-9A1E7A4F7556}") = "Dashing.Cli.Core", "Dashing.Cli.Core\Dashing.Cli.Core.csproj", "{E32C4DEE-E73B-4190-A9A5-CCDAF7A92456}"
EndProject
Global
	GlobalSection(SolutionConfigurationPlatforms) = preSolution
		Debug|Any CPU = Debug|Any CPU
		Debug|x64 = Debug|x64
		Debug|x86 = Debug|x86
		Release|Any CPU = Release|Any CPU
		Release|x64 = Release|x64
		Release|x86 = Release|x86
	EndGlobalSection
	GlobalSection(ProjectConfigurationPlatforms) = postSolution
		{54B26C08-9BFD-46C4-A16E-97034A1ED114}.Debug|Any CPU.ActiveCfg = Debug|Any CPU
		{54B26C08-9BFD-46C4-A16E-97034A1ED114}.Debug|Any CPU.Build.0 = Debug|Any CPU
		{54B26C08-9BFD-46C4-A16E-97034A1ED114}.Debug|x64.ActiveCfg = Debug|Any CPU
		{54B26C08-9BFD-46C4-A16E-97034A1ED114}.Debug|x64.Build.0 = Debug|Any CPU
		{54B26C08-9BFD-46C4-A16E-97034A1ED114}.Debug|x86.ActiveCfg = Debug|Any CPU
		{54B26C08-9BFD-46C4-A16E-97034A1ED114}.Debug|x86.Build.0 = Debug|Any CPU
		{54B26C08-9BFD-46C4-A16E-97034A1ED114}.Release|Any CPU.ActiveCfg = Release|Any CPU
		{54B26C08-9BFD-46C4-A16E-97034A1ED114}.Release|Any CPU.Build.0 = Release|Any CPU
		{54B26C08-9BFD-46C4-A16E-97034A1ED114}.Release|x64.ActiveCfg = Release|Any CPU
		{54B26C08-9BFD-46C4-A16E-97034A1ED114}.Release|x64.Build.0 = Release|Any CPU
		{54B26C08-9BFD-46C4-A16E-97034A1ED114}.Release|x86.ActiveCfg = Release|Any CPU
		{54B26C08-9BFD-46C4-A16E-97034A1ED114}.Release|x86.Build.0 = Release|Any CPU
		{FD6D789C-4AFB-40B2-BD40-9CA8B73538D4}.Debug|Any CPU.ActiveCfg = Debug|Any CPU
		{FD6D789C-4AFB-40B2-BD40-9CA8B73538D4}.Debug|Any CPU.Build.0 = Debug|Any CPU
		{FD6D789C-4AFB-40B2-BD40-9CA8B73538D4}.Debug|x64.ActiveCfg = Debug|Any CPU
		{FD6D789C-4AFB-40B2-BD40-9CA8B73538D4}.Debug|x64.Build.0 = Debug|Any CPU
		{FD6D789C-4AFB-40B2-BD40-9CA8B73538D4}.Debug|x86.ActiveCfg = Debug|Any CPU
		{FD6D789C-4AFB-40B2-BD40-9CA8B73538D4}.Debug|x86.Build.0 = Debug|Any CPU
		{FD6D789C-4AFB-40B2-BD40-9CA8B73538D4}.Release|Any CPU.ActiveCfg = Release|Any CPU
		{FD6D789C-4AFB-40B2-BD40-9CA8B73538D4}.Release|Any CPU.Build.0 = Release|Any CPU
		{FD6D789C-4AFB-40B2-BD40-9CA8B73538D4}.Release|x64.ActiveCfg = Release|Any CPU
		{FD6D789C-4AFB-40B2-BD40-9CA8B73538D4}.Release|x64.Build.0 = Release|Any CPU
		{FD6D789C-4AFB-40B2-BD40-9CA8B73538D4}.Release|x86.ActiveCfg = Release|Any CPU
		{FD6D789C-4AFB-40B2-BD40-9CA8B73538D4}.Release|x86.Build.0 = Release|Any CPU
		{E2C843AC-64B1-47B9-BF1A-CF684FB6C699}.Debug|Any CPU.ActiveCfg = Debug|Any CPU
		{E2C843AC-64B1-47B9-BF1A-CF684FB6C699}.Debug|Any CPU.Build.0 = Debug|Any CPU
		{E2C843AC-64B1-47B9-BF1A-CF684FB6C699}.Debug|x64.ActiveCfg = Debug|Any CPU
		{E2C843AC-64B1-47B9-BF1A-CF684FB6C699}.Debug|x64.Build.0 = Debug|Any CPU
		{E2C843AC-64B1-47B9-BF1A-CF684FB6C699}.Debug|x86.ActiveCfg = Debug|Any CPU
		{E2C843AC-64B1-47B9-BF1A-CF684FB6C699}.Debug|x86.Build.0 = Debug|Any CPU
		{E2C843AC-64B1-47B9-BF1A-CF684FB6C699}.Release|Any CPU.ActiveCfg = Release|Any CPU
		{E2C843AC-64B1-47B9-BF1A-CF684FB6C699}.Release|Any CPU.Build.0 = Release|Any CPU
		{E2C843AC-64B1-47B9-BF1A-CF684FB6C699}.Release|x64.ActiveCfg = Release|Any CPU
		{E2C843AC-64B1-47B9-BF1A-CF684FB6C699}.Release|x64.Build.0 = Release|Any CPU
		{E2C843AC-64B1-47B9-BF1A-CF684FB6C699}.Release|x86.ActiveCfg = Release|Any CPU
		{E2C843AC-64B1-47B9-BF1A-CF684FB6C699}.Release|x86.Build.0 = Release|Any CPU
		{5E06E370-8753-48DB-86C2-9AF4871FEF95}.Debug|Any CPU.ActiveCfg = Debug|Any CPU
		{5E06E370-8753-48DB-86C2-9AF4871FEF95}.Debug|Any CPU.Build.0 = Debug|Any CPU
		{5E06E370-8753-48DB-86C2-9AF4871FEF95}.Debug|x64.ActiveCfg = Debug|Any CPU
		{5E06E370-8753-48DB-86C2-9AF4871FEF95}.Debug|x64.Build.0 = Debug|Any CPU
		{5E06E370-8753-48DB-86C2-9AF4871FEF95}.Debug|x86.ActiveCfg = Debug|Any CPU
		{5E06E370-8753-48DB-86C2-9AF4871FEF95}.Debug|x86.Build.0 = Debug|Any CPU
		{5E06E370-8753-48DB-86C2-9AF4871FEF95}.Release|Any CPU.ActiveCfg = Release|Any CPU
		{5E06E370-8753-48DB-86C2-9AF4871FEF95}.Release|Any CPU.Build.0 = Release|Any CPU
		{5E06E370-8753-48DB-86C2-9AF4871FEF95}.Release|x64.ActiveCfg = Release|Any CPU
		{5E06E370-8753-48DB-86C2-9AF4871FEF95}.Release|x64.Build.0 = Release|Any CPU
		{5E06E370-8753-48DB-86C2-9AF4871FEF95}.Release|x86.ActiveCfg = Release|Any CPU
		{5E06E370-8753-48DB-86C2-9AF4871FEF95}.Release|x86.Build.0 = Release|Any CPU
		{38DA6DBA-1894-46E0-9DC4-58CC21036A60}.Debug|Any CPU.ActiveCfg = Debug|Any CPU
		{38DA6DBA-1894-46E0-9DC4-58CC21036A60}.Debug|Any CPU.Build.0 = Debug|Any CPU
		{38DA6DBA-1894-46E0-9DC4-58CC21036A60}.Debug|x64.ActiveCfg = Debug|Any CPU
		{38DA6DBA-1894-46E0-9DC4-58CC21036A60}.Debug|x64.Build.0 = Debug|Any CPU
		{38DA6DBA-1894-46E0-9DC4-58CC21036A60}.Debug|x86.ActiveCfg = Debug|Any CPU
		{38DA6DBA-1894-46E0-9DC4-58CC21036A60}.Debug|x86.Build.0 = Debug|Any CPU
		{38DA6DBA-1894-46E0-9DC4-58CC21036A60}.Release|Any CPU.ActiveCfg = Release|Any CPU
		{38DA6DBA-1894-46E0-9DC4-58CC21036A60}.Release|Any CPU.Build.0 = Release|Any CPU
		{38DA6DBA-1894-46E0-9DC4-58CC21036A60}.Release|x64.ActiveCfg = Release|Any CPU
		{38DA6DBA-1894-46E0-9DC4-58CC21036A60}.Release|x64.Build.0 = Release|Any CPU
		{38DA6DBA-1894-46E0-9DC4-58CC21036A60}.Release|x86.ActiveCfg = Release|Any CPU
		{38DA6DBA-1894-46E0-9DC4-58CC21036A60}.Release|x86.Build.0 = Release|Any CPU
		{11B63BCF-51C2-4221-AC5B-232230665293}.Debug|Any CPU.ActiveCfg = Debug|Any CPU
		{11B63BCF-51C2-4221-AC5B-232230665293}.Debug|Any CPU.Build.0 = Debug|Any CPU
		{11B63BCF-51C2-4221-AC5B-232230665293}.Debug|x64.ActiveCfg = Debug|Any CPU
		{11B63BCF-51C2-4221-AC5B-232230665293}.Debug|x64.Build.0 = Debug|Any CPU
		{11B63BCF-51C2-4221-AC5B-232230665293}.Debug|x86.ActiveCfg = Debug|Any CPU
		{11B63BCF-51C2-4221-AC5B-232230665293}.Debug|x86.Build.0 = Debug|Any CPU
		{11B63BCF-51C2-4221-AC5B-232230665293}.Release|Any CPU.ActiveCfg = Release|Any CPU
		{11B63BCF-51C2-4221-AC5B-232230665293}.Release|Any CPU.Build.0 = Release|Any CPU
		{11B63BCF-51C2-4221-AC5B-232230665293}.Release|x64.ActiveCfg = Release|Any CPU
		{11B63BCF-51C2-4221-AC5B-232230665293}.Release|x64.Build.0 = Release|Any CPU
		{11B63BCF-51C2-4221-AC5B-232230665293}.Release|x86.ActiveCfg = Release|Any CPU
		{11B63BCF-51C2-4221-AC5B-232230665293}.Release|x86.Build.0 = Release|Any CPU
		{BDBFA448-CD7C-46A0-9CAF-E8264071D1AA}.Debug|Any CPU.ActiveCfg = Debug|Any CPU
		{BDBFA448-CD7C-46A0-9CAF-E8264071D1AA}.Debug|Any CPU.Build.0 = Debug|Any CPU
		{BDBFA448-CD7C-46A0-9CAF-E8264071D1AA}.Debug|x64.ActiveCfg = Debug|Any CPU
		{BDBFA448-CD7C-46A0-9CAF-E8264071D1AA}.Debug|x64.Build.0 = Debug|Any CPU
		{BDBFA448-CD7C-46A0-9CAF-E8264071D1AA}.Debug|x86.ActiveCfg = Debug|Any CPU
		{BDBFA448-CD7C-46A0-9CAF-E8264071D1AA}.Debug|x86.Build.0 = Debug|Any CPU
		{BDBFA448-CD7C-46A0-9CAF-E8264071D1AA}.Release|Any CPU.ActiveCfg = Release|Any CPU
		{BDBFA448-CD7C-46A0-9CAF-E8264071D1AA}.Release|Any CPU.Build.0 = Release|Any CPU
		{BDBFA448-CD7C-46A0-9CAF-E8264071D1AA}.Release|x64.ActiveCfg = Release|Any CPU
		{BDBFA448-CD7C-46A0-9CAF-E8264071D1AA}.Release|x64.Build.0 = Release|Any CPU
		{BDBFA448-CD7C-46A0-9CAF-E8264071D1AA}.Release|x86.ActiveCfg = Release|Any CPU
		{BDBFA448-CD7C-46A0-9CAF-E8264071D1AA}.Release|x86.Build.0 = Release|Any CPU
		{D8603DCD-234C-407B-B917-669755CF5877}.Debug|Any CPU.ActiveCfg = Debug|Any CPU
		{D8603DCD-234C-407B-B917-669755CF5877}.Debug|Any CPU.Build.0 = Debug|Any CPU
		{D8603DCD-234C-407B-B917-669755CF5877}.Debug|x64.ActiveCfg = Debug|Any CPU
		{D8603DCD-234C-407B-B917-669755CF5877}.Debug|x64.Build.0 = Debug|Any CPU
		{D8603DCD-234C-407B-B917-669755CF5877}.Debug|x86.ActiveCfg = Debug|Any CPU
		{D8603DCD-234C-407B-B917-669755CF5877}.Debug|x86.Build.0 = Debug|Any CPU
		{D8603DCD-234C-407B-B917-669755CF5877}.Release|Any CPU.ActiveCfg = Release|Any CPU
		{D8603DCD-234C-407B-B917-669755CF5877}.Release|Any CPU.Build.0 = Release|Any CPU
		{D8603DCD-234C-407B-B917-669755CF5877}.Release|x64.ActiveCfg = Release|Any CPU
		{D8603DCD-234C-407B-B917-669755CF5877}.Release|x64.Build.0 = Release|Any CPU
		{D8603DCD-234C-407B-B917-669755CF5877}.Release|x86.ActiveCfg = Release|Any CPU
		{D8603DCD-234C-407B-B917-669755CF5877}.Release|x86.Build.0 = Release|Any CPU
		{E32C4DEE-E73B-4190-A9A5-CCDAF7A92456}.Debug|Any CPU.ActiveCfg = Debug|Any CPU
		{E32C4DEE-E73B-4190-A9A5-CCDAF7A92456}.Debug|Any CPU.Build.0 = Debug|Any CPU
		{E32C4DEE-E73B-4190-A9A5-CCDAF7A92456}.Debug|x64.ActiveCfg = Debug|Any CPU
		{E32C4DEE-E73B-4190-A9A5-CCDAF7A92456}.Debug|x64.Build.0 = Debug|Any CPU
		{E32C4DEE-E73B-4190-A9A5-CCDAF7A92456}.Debug|x86.ActiveCfg = Debug|Any CPU
		{E32C4DEE-E73B-4190-A9A5-CCDAF7A92456}.Debug|x86.Build.0 = Debug|Any CPU
		{E32C4DEE-E73B-4190-A9A5-CCDAF7A92456}.Release|Any CPU.ActiveCfg = Release|Any CPU
		{E32C4DEE-E73B-4190-A9A5-CCDAF7A92456}.Release|Any CPU.Build.0 = Release|Any CPU
		{E32C4DEE-E73B-4190-A9A5-CCDAF7A92456}.Release|x64.ActiveCfg = Release|Any CPU
		{E32C4DEE-E73B-4190-A9A5-CCDAF7A92456}.Release|x64.Build.0 = Release|Any CPU
		{E32C4DEE-E73B-4190-A9A5-CCDAF7A92456}.Release|x86.ActiveCfg = Release|Any CPU
		{E32C4DEE-E73B-4190-A9A5-CCDAF7A92456}.Release|x86.Build.0 = Release|Any CPU
	EndGlobalSection
	GlobalSection(SolutionProperties) = preSolution
		HideSolutionNode = FALSE
	EndGlobalSection
	GlobalSection(NestedProjects) = preSolution
		{E2C843AC-64B1-47B9-BF1A-CF684FB6C699} = {736005D8-C028-4F23-B44C-91CDA2183A2D}
		{5E06E370-8753-48DB-86C2-9AF4871FEF95} = {736005D8-C028-4F23-B44C-91CDA2183A2D}
		{38DA6DBA-1894-46E0-9DC4-58CC21036A60} = {736005D8-C028-4F23-B44C-91CDA2183A2D}
		{11B63BCF-51C2-4221-AC5B-232230665293} = {736005D8-C028-4F23-B44C-91CDA2183A2D}
		{BDBFA448-CD7C-46A0-9CAF-E8264071D1AA} = {736005D8-C028-4F23-B44C-91CDA2183A2D}
	EndGlobalSection
	GlobalSection(ExtensibilityGlobals) = postSolution
		SolutionGuid = {74E05CD7-E0FF-4FEE-ADCC-6177A8398F68}
	EndGlobalSection
EndGlobal
