
Microsoft Visual Studio Solution File, Format Version 12.00
# Visual Studio 2013
VisualStudioVersion = 12.0.30723.0
MinimumVisualStudioVersion = 10.0.40219.1
Project("{FAE04EC0-301F-11D3-BF4B-00C04F79EFBC}") = "Dashing", "Dashing\Dashing.csproj", "{9F337C75-5BB7-4678-A761-BBC371E7FC86}"
EndProject
Project("{FAE04EC0-301F-11D3-BF4B-00C04F79EFBC}") = "Dashing.Tests", "Dashing.Tests\Dashing.Tests.csproj", "{CA614821-7E80-4745-B513-64D11A394A34}"
EndProject
Project("{FAE04EC0-301F-11D3-BF4B-00C04F79EFBC}") = "PerformanceTest", "PerformanceTest\PerformanceTest.csproj", "{91CDA75F-D19C-48B2-B6CF-7C3ED4592B39}"
EndProject
Project("{FAE04EC0-301F-11D3-BF4B-00C04F79EFBC}") = "Dashing.Tools", "Dashing.Tools\Dashing.Tools.csproj", "{414968D7-E94C-404B-8831-35AA54A656F1}"
EndProject
Project("{FAE04EC0-301F-11D3-BF4B-00C04F79EFBC}") = "Dashing.Console", "Dashing.Console\Dashing.Console.csproj", "{EC074CCB-0934-46C4-BBCC-B306459FC95E}"
EndProject
Project("{FAE04EC0-301F-11D3-BF4B-00C04F79EFBC}") = "Dashing.Tools.Tests", "Dashing.Tools.Tests\Dashing.Tools.Tests.csproj", "{740AB264-1DBA-41F8-B39D-E7C989F3B42B}"
EndProject
Project("{FAE04EC0-301F-11D3-BF4B-00C04F79EFBC}") = "Dashing.ElasticSearch", "Dashing.ElasticSearch\Dashing.ElasticSearch.csproj", "{BD5DBF9D-A794-4588-8CE4-72E65BF32520}"
EndProject
Project("{FAE04EC0-301F-11D3-BF4B-00C04F79EFBC}") = "Dashing.ElasticSearch.Tests", "Dashing.ElasticSearch.Tests\Dashing.ElasticSearch.Tests.csproj", "{625C86A8-5298-41B8-B40F-85FA88E678BF}"
EndProject
Project("{FAE04EC0-301F-11D3-BF4B-00C04F79EFBC}") = "Dashing.Annotations", "Dashing.Annotations\Dashing.Annotations.csproj", "{EC6B7D59-2A0D-45B9-99A3-0D0A3070A943}"
EndProject
Project("{FAE04EC0-301F-11D3-BF4B-00C04F79EFBC}") = "Dashing.IntegrationTests", "Dashing.IntegrationTests\Dashing.IntegrationTests.csproj", "{62186CA2-59A3-480E-BEC9-BAA168054190}"
EndProject
Project("{2150E333-8FDC-42A3-9474-1A3956D46DE8}") = "Solution Items", "Solution Items", "{936F769F-B258-459A-B9DF-223FB6B3CEDE}"
	ProjectSection(SolutionItems) = preProject
		Performance1.psess = Performance1.psess
	EndProjectSection
EndProject
Global
	GlobalSection(SolutionConfigurationPlatforms) = preSolution
		Debug|Any CPU = Debug|Any CPU
		Net4|Any CPU = Net4|Any CPU
		Release|Any CPU = Release|Any CPU
	EndGlobalSection
	GlobalSection(ProjectConfigurationPlatforms) = postSolution
		{9F337C75-5BB7-4678-A761-BBC371E7FC86}.Debug|Any CPU.ActiveCfg = Debug|Any CPU
		{9F337C75-5BB7-4678-A761-BBC371E7FC86}.Debug|Any CPU.Build.0 = Debug|Any CPU
		{9F337C75-5BB7-4678-A761-BBC371E7FC86}.Net4|Any CPU.ActiveCfg = Release|Any CPU
		{9F337C75-5BB7-4678-A761-BBC371E7FC86}.Net4|Any CPU.Build.0 = Release|Any CPU
		{9F337C75-5BB7-4678-A761-BBC371E7FC86}.Release|Any CPU.ActiveCfg = Release|Any CPU
		{9F337C75-5BB7-4678-A761-BBC371E7FC86}.Release|Any CPU.Build.0 = Release|Any CPU
		{CA614821-7E80-4745-B513-64D11A394A34}.Debug|Any CPU.ActiveCfg = Debug|Any CPU
		{CA614821-7E80-4745-B513-64D11A394A34}.Debug|Any CPU.Build.0 = Debug|Any CPU
		{CA614821-7E80-4745-B513-64D11A394A34}.Net4|Any CPU.ActiveCfg = Release|Any CPU
		{CA614821-7E80-4745-B513-64D11A394A34}.Net4|Any CPU.Build.0 = Release|Any CPU
		{CA614821-7E80-4745-B513-64D11A394A34}.Release|Any CPU.ActiveCfg = Release|Any CPU
		{CA614821-7E80-4745-B513-64D11A394A34}.Release|Any CPU.Build.0 = Release|Any CPU
		{91CDA75F-D19C-48B2-B6CF-7C3ED4592B39}.Debug|Any CPU.ActiveCfg = Debug|Any CPU
		{91CDA75F-D19C-48B2-B6CF-7C3ED4592B39}.Debug|Any CPU.Build.0 = Debug|Any CPU
		{91CDA75F-D19C-48B2-B6CF-7C3ED4592B39}.Net4|Any CPU.ActiveCfg = Release|Any CPU
		{91CDA75F-D19C-48B2-B6CF-7C3ED4592B39}.Net4|Any CPU.Build.0 = Release|Any CPU
		{91CDA75F-D19C-48B2-B6CF-7C3ED4592B39}.Release|Any CPU.ActiveCfg = Release|Any CPU
		{91CDA75F-D19C-48B2-B6CF-7C3ED4592B39}.Release|Any CPU.Build.0 = Release|Any CPU
		{414968D7-E94C-404B-8831-35AA54A656F1}.Debug|Any CPU.ActiveCfg = Debug|Any CPU
		{414968D7-E94C-404B-8831-35AA54A656F1}.Debug|Any CPU.Build.0 = Debug|Any CPU
		{414968D7-E94C-404B-8831-35AA54A656F1}.Net4|Any CPU.ActiveCfg = Release|Any CPU
		{414968D7-E94C-404B-8831-35AA54A656F1}.Net4|Any CPU.Build.0 = Release|Any CPU
		{414968D7-E94C-404B-8831-35AA54A656F1}.Release|Any CPU.ActiveCfg = Release|Any CPU
		{414968D7-E94C-404B-8831-35AA54A656F1}.Release|Any CPU.Build.0 = Release|Any CPU
		{EC074CCB-0934-46C4-BBCC-B306459FC95E}.Debug|Any CPU.ActiveCfg = Debug|Any CPU
		{EC074CCB-0934-46C4-BBCC-B306459FC95E}.Debug|Any CPU.Build.0 = Debug|Any CPU
		{EC074CCB-0934-46C4-BBCC-B306459FC95E}.Net4|Any CPU.ActiveCfg = Release|Any CPU
		{EC074CCB-0934-46C4-BBCC-B306459FC95E}.Net4|Any CPU.Build.0 = Release|Any CPU
		{EC074CCB-0934-46C4-BBCC-B306459FC95E}.Release|Any CPU.ActiveCfg = Release|Any CPU
		{EC074CCB-0934-46C4-BBCC-B306459FC95E}.Release|Any CPU.Build.0 = Release|Any CPU
		{740AB264-1DBA-41F8-B39D-E7C989F3B42B}.Debug|Any CPU.ActiveCfg = Debug|Any CPU
		{740AB264-1DBA-41F8-B39D-E7C989F3B42B}.Debug|Any CPU.Build.0 = Debug|Any CPU
		{740AB264-1DBA-41F8-B39D-E7C989F3B42B}.Net4|Any CPU.ActiveCfg = Release|Any CPU
		{740AB264-1DBA-41F8-B39D-E7C989F3B42B}.Net4|Any CPU.Build.0 = Release|Any CPU
		{740AB264-1DBA-41F8-B39D-E7C989F3B42B}.Release|Any CPU.ActiveCfg = Release|Any CPU
		{740AB264-1DBA-41F8-B39D-E7C989F3B42B}.Release|Any CPU.Build.0 = Release|Any CPU
		{BD5DBF9D-A794-4588-8CE4-72E65BF32520}.Debug|Any CPU.ActiveCfg = Debug|Any CPU
		{BD5DBF9D-A794-4588-8CE4-72E65BF32520}.Debug|Any CPU.Build.0 = Debug|Any CPU
		{BD5DBF9D-A794-4588-8CE4-72E65BF32520}.Net4|Any CPU.ActiveCfg = Release|Any CPU
		{BD5DBF9D-A794-4588-8CE4-72E65BF32520}.Net4|Any CPU.Build.0 = Release|Any CPU
		{BD5DBF9D-A794-4588-8CE4-72E65BF32520}.Release|Any CPU.ActiveCfg = Release|Any CPU
		{BD5DBF9D-A794-4588-8CE4-72E65BF32520}.Release|Any CPU.Build.0 = Release|Any CPU
		{625C86A8-5298-41B8-B40F-85FA88E678BF}.Debug|Any CPU.ActiveCfg = Debug|Any CPU
		{625C86A8-5298-41B8-B40F-85FA88E678BF}.Debug|Any CPU.Build.0 = Debug|Any CPU
		{625C86A8-5298-41B8-B40F-85FA88E678BF}.Net4|Any CPU.ActiveCfg = Release|Any CPU
		{625C86A8-5298-41B8-B40F-85FA88E678BF}.Net4|Any CPU.Build.0 = Release|Any CPU
		{625C86A8-5298-41B8-B40F-85FA88E678BF}.Release|Any CPU.ActiveCfg = Release|Any CPU
		{625C86A8-5298-41B8-B40F-85FA88E678BF}.Release|Any CPU.Build.0 = Release|Any CPU
		{EC6B7D59-2A0D-45B9-99A3-0D0A3070A943}.Debug|Any CPU.ActiveCfg = Debug|Any CPU
		{EC6B7D59-2A0D-45B9-99A3-0D0A3070A943}.Debug|Any CPU.Build.0 = Debug|Any CPU
		{EC6B7D59-2A0D-45B9-99A3-0D0A3070A943}.Net4|Any CPU.ActiveCfg = Release|Any CPU
		{EC6B7D59-2A0D-45B9-99A3-0D0A3070A943}.Net4|Any CPU.Build.0 = Release|Any CPU
		{EC6B7D59-2A0D-45B9-99A3-0D0A3070A943}.Release|Any CPU.ActiveCfg = Release|Any CPU
		{EC6B7D59-2A0D-45B9-99A3-0D0A3070A943}.Release|Any CPU.Build.0 = Release|Any CPU
		{62186CA2-59A3-480E-BEC9-BAA168054190}.Debug|Any CPU.ActiveCfg = Debug|Any CPU
		{62186CA2-59A3-480E-BEC9-BAA168054190}.Debug|Any CPU.Build.0 = Debug|Any CPU
		{62186CA2-59A3-480E-BEC9-BAA168054190}.Net4|Any CPU.ActiveCfg = Release|Any CPU
		{62186CA2-59A3-480E-BEC9-BAA168054190}.Net4|Any CPU.Build.0 = Release|Any CPU
		{62186CA2-59A3-480E-BEC9-BAA168054190}.Release|Any CPU.ActiveCfg = Release|Any CPU
		{62186CA2-59A3-480E-BEC9-BAA168054190}.Release|Any CPU.Build.0 = Release|Any CPU
	EndGlobalSection
	GlobalSection(SolutionProperties) = preSolution
		HideSolutionNode = FALSE
	EndGlobalSection
	GlobalSection(Performance) = preSolution
		HasPerformanceSessions = true
	EndGlobalSection
EndGlobal
