
Microsoft Visual Studio Solution File, Format Version 12.00
# Visual Studio 2013
VisualStudioVersion = 12.0.31101.0
MinimumVisualStudioVersion = 10.0.40219.1
Project("{FAE04EC0-301F-11D3-BF4B-00C04F79EFBC}") = "Dashing", "Dashing\Dashing.csproj", "{9F337C75-5BB7-4678-A761-BBC371E7FC86}"
EndProject
Project("{FAE04EC0-301F-11D3-BF4B-00C04F79EFBC}") = "Dashing.Tests", "Dashing.Tests\Dashing.Tests.csproj", "{CA614821-7E80-4745-B513-64D11A394A34}"
	ProjectSection(ProjectDependencies) = postProject
		{EC074CCB-0934-46C4-BBCC-B306459FC95E} = {EC074CCB-0934-46C4-BBCC-B306459FC95E}
	EndProjectSection
EndProject
Project("{FAE04EC0-301F-11D3-BF4B-00C04F79EFBC}") = "PerformanceTest", "PerformanceTest\PerformanceTest.csproj", "{91CDA75F-D19C-48B2-B6CF-7C3ED4592B39}"
	ProjectSection(ProjectDependencies) = postProject
		{EC074CCB-0934-46C4-BBCC-B306459FC95E} = {EC074CCB-0934-46C4-BBCC-B306459FC95E}
	EndProjectSection
EndProject
Project("{FAE04EC0-301F-11D3-BF4B-00C04F79EFBC}") = "Dashing.Tools", "Dashing.Tools\Dashing.Tools.csproj", "{414968D7-E94C-404B-8831-35AA54A656F1}"
EndProject
Project("{FAE04EC0-301F-11D3-BF4B-00C04F79EFBC}") = "Dashing.Console", "Dashing.Console\Dashing.Console.csproj", "{EC074CCB-0934-46C4-BBCC-B306459FC95E}"
EndProject
Project("{FAE04EC0-301F-11D3-BF4B-00C04F79EFBC}") = "Dashing.Tools.Tests", "Dashing.Tools.Tests\Dashing.Tools.Tests.csproj", "{740AB264-1DBA-41F8-B39D-E7C989F3B42B}"
	ProjectSection(ProjectDependencies) = postProject
		{EC074CCB-0934-46C4-BBCC-B306459FC95E} = {EC074CCB-0934-46C4-BBCC-B306459FC95E}
	EndProjectSection
EndProject
Project("{FAE04EC0-301F-11D3-BF4B-00C04F79EFBC}") = "Dashing.ElasticSearch", "Dashing.ElasticSearch\Dashing.ElasticSearch.csproj", "{BD5DBF9D-A794-4588-8CE4-72E65BF32520}"
EndProject
Project("{FAE04EC0-301F-11D3-BF4B-00C04F79EFBC}") = "Dashing.ElasticSearch.Tests", "Dashing.ElasticSearch.Tests\Dashing.ElasticSearch.Tests.csproj", "{625C86A8-5298-41B8-B40F-85FA88E678BF}"
	ProjectSection(ProjectDependencies) = postProject
		{EC074CCB-0934-46C4-BBCC-B306459FC95E} = {EC074CCB-0934-46C4-BBCC-B306459FC95E}
	EndProjectSection
EndProject
Project("{FAE04EC0-301F-11D3-BF4B-00C04F79EFBC}") = "Dashing.Annotations", "Dashing.Annotations\Dashing.Annotations.csproj", "{EC6B7D59-2A0D-45B9-99A3-0D0A3070A943}"
EndProject
Project("{FAE04EC0-301F-11D3-BF4B-00C04F79EFBC}") = "Dashing.IntegrationTests", "Dashing.IntegrationTests\Dashing.IntegrationTests.csproj", "{62186CA2-59A3-480E-BEC9-BAA168054190}"
	ProjectSection(ProjectDependencies) = postProject
		{EC074CCB-0934-46C4-BBCC-B306459FC95E} = {EC074CCB-0934-46C4-BBCC-B306459FC95E}
	EndProjectSection
EndProject
Project("{FAE04EC0-301F-11D3-BF4B-00C04F79EFBC}") = "Dashing.Testing", "Dashing.Testing\Dashing.Testing.csproj", "{184E1B51-AEF4-47CB-A4A3-FDD2E90B3EED}"
EndProject
Project("{FAE04EC0-301F-11D3-BF4B-00C04F79EFBC}") = "Dashing.Testing.Tests", "Dashing.Testing.Tests\Dashing.Testing.Tests.csproj", "{D3615AE1-9A75-4F37-9F28-49F905B8E793}"
	ProjectSection(ProjectDependencies) = postProject
		{EC074CCB-0934-46C4-BBCC-B306459FC95E} = {EC074CCB-0934-46C4-BBCC-B306459FC95E}
	EndProjectSection
EndProject
Project("{FAE04EC0-301F-11D3-BF4B-00C04F79EFBC}") = "Dashing.Weaving.Sample", "Dashing.Weaving.Sample\Dashing.Weaving.Sample.csproj", "{C5462009-DF07-4DB4-A472-40E4B2B19351}"
EndProject
Project("{FAE04EC0-301F-11D3-BF4B-00C04F79EFBC}") = "Dashing.Weaving.Tests", "Dashing.Weaving.Tests\Dashing.Weaving.Tests.csproj", "{BD396537-036F-4C2E-9D8A-E40B291DDBA0}"
	ProjectSection(ProjectDependencies) = postProject
		{EC074CCB-0934-46C4-BBCC-B306459FC95E} = {EC074CCB-0934-46C4-BBCC-B306459FC95E}
	EndProjectSection
EndProject
Project("{FAE04EC0-301F-11D3-BF4B-00C04F79EFBC}") = "Dashing.Weaving.Sample2", "Dashing.Weaving.Sample2\Dashing.Weaving.Sample2.csproj", "{2F25E2C1-EE19-4068-8D59-907D3C54C3B7}"
EndProject
Global
	GlobalSection(SolutionConfigurationPlatforms) = preSolution
		Debug|Any CPU = Debug|Any CPU
		net_2_0_Debug|Any CPU = net_2_0_Debug|Any CPU
		net_2_0_Release|Any CPU = net_2_0_Release|Any CPU
		net_3_5_Debug|Any CPU = net_3_5_Debug|Any CPU
		net_3_5_Release|Any CPU = net_3_5_Release|Any CPU
		net_4_0_Debug|Any CPU = net_4_0_Debug|Any CPU
		net_4_0_Release|Any CPU = net_4_0_Release|Any CPU
		net_4_5_Debug|Any CPU = net_4_5_Debug|Any CPU
		net_4_5_Release|Any CPU = net_4_5_Release|Any CPU
		Release|Any CPU = Release|Any CPU
		silverlight_Debug|Any CPU = silverlight_Debug|Any CPU
		silverlight_Release|Any CPU = silverlight_Release|Any CPU
		winphone_Debug|Any CPU = winphone_Debug|Any CPU
		winphone_Release|Any CPU = winphone_Release|Any CPU
	EndGlobalSection
	GlobalSection(ProjectConfigurationPlatforms) = postSolution
		{9F337C75-5BB7-4678-A761-BBC371E7FC86}.Debug|Any CPU.ActiveCfg = Debug|Any CPU
		{9F337C75-5BB7-4678-A761-BBC371E7FC86}.Debug|Any CPU.Build.0 = Debug|Any CPU
		{9F337C75-5BB7-4678-A761-BBC371E7FC86}.net_2_0_Debug|Any CPU.ActiveCfg = Debug|Any CPU
		{9F337C75-5BB7-4678-A761-BBC371E7FC86}.net_2_0_Debug|Any CPU.Build.0 = Debug|Any CPU
		{9F337C75-5BB7-4678-A761-BBC371E7FC86}.net_2_0_Release|Any CPU.ActiveCfg = Release|Any CPU
		{9F337C75-5BB7-4678-A761-BBC371E7FC86}.net_2_0_Release|Any CPU.Build.0 = Release|Any CPU
		{9F337C75-5BB7-4678-A761-BBC371E7FC86}.net_3_5_Debug|Any CPU.ActiveCfg = Debug|Any CPU
		{9F337C75-5BB7-4678-A761-BBC371E7FC86}.net_3_5_Debug|Any CPU.Build.0 = Debug|Any CPU
		{9F337C75-5BB7-4678-A761-BBC371E7FC86}.net_3_5_Release|Any CPU.ActiveCfg = Release|Any CPU
		{9F337C75-5BB7-4678-A761-BBC371E7FC86}.net_3_5_Release|Any CPU.Build.0 = Release|Any CPU
		{9F337C75-5BB7-4678-A761-BBC371E7FC86}.net_4_0_Debug|Any CPU.ActiveCfg = Debug|Any CPU
		{9F337C75-5BB7-4678-A761-BBC371E7FC86}.net_4_0_Debug|Any CPU.Build.0 = Debug|Any CPU
		{9F337C75-5BB7-4678-A761-BBC371E7FC86}.net_4_0_Release|Any CPU.ActiveCfg = Release|Any CPU
		{9F337C75-5BB7-4678-A761-BBC371E7FC86}.net_4_0_Release|Any CPU.Build.0 = Release|Any CPU
		{9F337C75-5BB7-4678-A761-BBC371E7FC86}.net_4_5_Debug|Any CPU.ActiveCfg = Debug|Any CPU
		{9F337C75-5BB7-4678-A761-BBC371E7FC86}.net_4_5_Debug|Any CPU.Build.0 = Debug|Any CPU
		{9F337C75-5BB7-4678-A761-BBC371E7FC86}.net_4_5_Release|Any CPU.ActiveCfg = Release|Any CPU
		{9F337C75-5BB7-4678-A761-BBC371E7FC86}.net_4_5_Release|Any CPU.Build.0 = Release|Any CPU
		{9F337C75-5BB7-4678-A761-BBC371E7FC86}.Release|Any CPU.ActiveCfg = Release|Any CPU
		{9F337C75-5BB7-4678-A761-BBC371E7FC86}.Release|Any CPU.Build.0 = Release|Any CPU
		{9F337C75-5BB7-4678-A761-BBC371E7FC86}.silverlight_Debug|Any CPU.ActiveCfg = Debug|Any CPU
		{9F337C75-5BB7-4678-A761-BBC371E7FC86}.silverlight_Debug|Any CPU.Build.0 = Debug|Any CPU
		{9F337C75-5BB7-4678-A761-BBC371E7FC86}.silverlight_Release|Any CPU.ActiveCfg = Release|Any CPU
		{9F337C75-5BB7-4678-A761-BBC371E7FC86}.silverlight_Release|Any CPU.Build.0 = Release|Any CPU
		{9F337C75-5BB7-4678-A761-BBC371E7FC86}.winphone_Debug|Any CPU.ActiveCfg = Debug|Any CPU
		{9F337C75-5BB7-4678-A761-BBC371E7FC86}.winphone_Debug|Any CPU.Build.0 = Debug|Any CPU
		{9F337C75-5BB7-4678-A761-BBC371E7FC86}.winphone_Release|Any CPU.ActiveCfg = Release|Any CPU
		{9F337C75-5BB7-4678-A761-BBC371E7FC86}.winphone_Release|Any CPU.Build.0 = Release|Any CPU
		{CA614821-7E80-4745-B513-64D11A394A34}.Debug|Any CPU.ActiveCfg = Debug|Any CPU
		{CA614821-7E80-4745-B513-64D11A394A34}.Debug|Any CPU.Build.0 = Debug|Any CPU
		{CA614821-7E80-4745-B513-64D11A394A34}.net_2_0_Debug|Any CPU.ActiveCfg = Debug|Any CPU
		{CA614821-7E80-4745-B513-64D11A394A34}.net_2_0_Debug|Any CPU.Build.0 = Debug|Any CPU
		{CA614821-7E80-4745-B513-64D11A394A34}.net_2_0_Release|Any CPU.ActiveCfg = Release|Any CPU
		{CA614821-7E80-4745-B513-64D11A394A34}.net_2_0_Release|Any CPU.Build.0 = Release|Any CPU
		{CA614821-7E80-4745-B513-64D11A394A34}.net_3_5_Debug|Any CPU.ActiveCfg = Debug|Any CPU
		{CA614821-7E80-4745-B513-64D11A394A34}.net_3_5_Debug|Any CPU.Build.0 = Debug|Any CPU
		{CA614821-7E80-4745-B513-64D11A394A34}.net_3_5_Release|Any CPU.ActiveCfg = Release|Any CPU
		{CA614821-7E80-4745-B513-64D11A394A34}.net_3_5_Release|Any CPU.Build.0 = Release|Any CPU
		{CA614821-7E80-4745-B513-64D11A394A34}.net_4_0_Debug|Any CPU.ActiveCfg = Debug|Any CPU
		{CA614821-7E80-4745-B513-64D11A394A34}.net_4_0_Debug|Any CPU.Build.0 = Debug|Any CPU
		{CA614821-7E80-4745-B513-64D11A394A34}.net_4_0_Release|Any CPU.ActiveCfg = Release|Any CPU
		{CA614821-7E80-4745-B513-64D11A394A34}.net_4_0_Release|Any CPU.Build.0 = Release|Any CPU
		{CA614821-7E80-4745-B513-64D11A394A34}.net_4_5_Debug|Any CPU.ActiveCfg = Debug|Any CPU
		{CA614821-7E80-4745-B513-64D11A394A34}.net_4_5_Debug|Any CPU.Build.0 = Debug|Any CPU
		{CA614821-7E80-4745-B513-64D11A394A34}.net_4_5_Release|Any CPU.ActiveCfg = Release|Any CPU
		{CA614821-7E80-4745-B513-64D11A394A34}.net_4_5_Release|Any CPU.Build.0 = Release|Any CPU
		{CA614821-7E80-4745-B513-64D11A394A34}.Release|Any CPU.ActiveCfg = Release|Any CPU
		{CA614821-7E80-4745-B513-64D11A394A34}.Release|Any CPU.Build.0 = Release|Any CPU
		{CA614821-7E80-4745-B513-64D11A394A34}.silverlight_Debug|Any CPU.ActiveCfg = Debug|Any CPU
		{CA614821-7E80-4745-B513-64D11A394A34}.silverlight_Debug|Any CPU.Build.0 = Debug|Any CPU
		{CA614821-7E80-4745-B513-64D11A394A34}.silverlight_Release|Any CPU.ActiveCfg = Release|Any CPU
		{CA614821-7E80-4745-B513-64D11A394A34}.silverlight_Release|Any CPU.Build.0 = Release|Any CPU
		{CA614821-7E80-4745-B513-64D11A394A34}.winphone_Debug|Any CPU.ActiveCfg = Debug|Any CPU
		{CA614821-7E80-4745-B513-64D11A394A34}.winphone_Debug|Any CPU.Build.0 = Debug|Any CPU
		{CA614821-7E80-4745-B513-64D11A394A34}.winphone_Release|Any CPU.ActiveCfg = Release|Any CPU
		{CA614821-7E80-4745-B513-64D11A394A34}.winphone_Release|Any CPU.Build.0 = Release|Any CPU
		{91CDA75F-D19C-48B2-B6CF-7C3ED4592B39}.Debug|Any CPU.ActiveCfg = Debug|Any CPU
		{91CDA75F-D19C-48B2-B6CF-7C3ED4592B39}.Debug|Any CPU.Build.0 = Debug|Any CPU
		{91CDA75F-D19C-48B2-B6CF-7C3ED4592B39}.net_2_0_Debug|Any CPU.ActiveCfg = Debug|Any CPU
		{91CDA75F-D19C-48B2-B6CF-7C3ED4592B39}.net_2_0_Debug|Any CPU.Build.0 = Debug|Any CPU
		{91CDA75F-D19C-48B2-B6CF-7C3ED4592B39}.net_2_0_Release|Any CPU.ActiveCfg = Release|Any CPU
		{91CDA75F-D19C-48B2-B6CF-7C3ED4592B39}.net_2_0_Release|Any CPU.Build.0 = Release|Any CPU
		{91CDA75F-D19C-48B2-B6CF-7C3ED4592B39}.net_3_5_Debug|Any CPU.ActiveCfg = Debug|Any CPU
		{91CDA75F-D19C-48B2-B6CF-7C3ED4592B39}.net_3_5_Debug|Any CPU.Build.0 = Debug|Any CPU
		{91CDA75F-D19C-48B2-B6CF-7C3ED4592B39}.net_3_5_Release|Any CPU.ActiveCfg = Release|Any CPU
		{91CDA75F-D19C-48B2-B6CF-7C3ED4592B39}.net_3_5_Release|Any CPU.Build.0 = Release|Any CPU
		{91CDA75F-D19C-48B2-B6CF-7C3ED4592B39}.net_4_0_Debug|Any CPU.ActiveCfg = Debug|Any CPU
		{91CDA75F-D19C-48B2-B6CF-7C3ED4592B39}.net_4_0_Debug|Any CPU.Build.0 = Debug|Any CPU
		{91CDA75F-D19C-48B2-B6CF-7C3ED4592B39}.net_4_0_Release|Any CPU.ActiveCfg = Release|Any CPU
		{91CDA75F-D19C-48B2-B6CF-7C3ED4592B39}.net_4_0_Release|Any CPU.Build.0 = Release|Any CPU
		{91CDA75F-D19C-48B2-B6CF-7C3ED4592B39}.net_4_5_Debug|Any CPU.ActiveCfg = Debug|Any CPU
		{91CDA75F-D19C-48B2-B6CF-7C3ED4592B39}.net_4_5_Debug|Any CPU.Build.0 = Debug|Any CPU
		{91CDA75F-D19C-48B2-B6CF-7C3ED4592B39}.net_4_5_Release|Any CPU.ActiveCfg = Release|Any CPU
		{91CDA75F-D19C-48B2-B6CF-7C3ED4592B39}.net_4_5_Release|Any CPU.Build.0 = Release|Any CPU
		{91CDA75F-D19C-48B2-B6CF-7C3ED4592B39}.Release|Any CPU.ActiveCfg = Release|Any CPU
		{91CDA75F-D19C-48B2-B6CF-7C3ED4592B39}.Release|Any CPU.Build.0 = Release|Any CPU
		{91CDA75F-D19C-48B2-B6CF-7C3ED4592B39}.silverlight_Debug|Any CPU.ActiveCfg = Debug|Any CPU
		{91CDA75F-D19C-48B2-B6CF-7C3ED4592B39}.silverlight_Debug|Any CPU.Build.0 = Debug|Any CPU
		{91CDA75F-D19C-48B2-B6CF-7C3ED4592B39}.silverlight_Release|Any CPU.ActiveCfg = Release|Any CPU
		{91CDA75F-D19C-48B2-B6CF-7C3ED4592B39}.silverlight_Release|Any CPU.Build.0 = Release|Any CPU
		{91CDA75F-D19C-48B2-B6CF-7C3ED4592B39}.winphone_Debug|Any CPU.ActiveCfg = Debug|Any CPU
		{91CDA75F-D19C-48B2-B6CF-7C3ED4592B39}.winphone_Debug|Any CPU.Build.0 = Debug|Any CPU
		{91CDA75F-D19C-48B2-B6CF-7C3ED4592B39}.winphone_Release|Any CPU.ActiveCfg = Release|Any CPU
		{91CDA75F-D19C-48B2-B6CF-7C3ED4592B39}.winphone_Release|Any CPU.Build.0 = Release|Any CPU
		{414968D7-E94C-404B-8831-35AA54A656F1}.Debug|Any CPU.ActiveCfg = Debug|Any CPU
		{414968D7-E94C-404B-8831-35AA54A656F1}.Debug|Any CPU.Build.0 = Debug|Any CPU
		{414968D7-E94C-404B-8831-35AA54A656F1}.net_2_0_Debug|Any CPU.ActiveCfg = Debug|Any CPU
		{414968D7-E94C-404B-8831-35AA54A656F1}.net_2_0_Debug|Any CPU.Build.0 = Debug|Any CPU
		{414968D7-E94C-404B-8831-35AA54A656F1}.net_2_0_Release|Any CPU.ActiveCfg = Release|Any CPU
		{414968D7-E94C-404B-8831-35AA54A656F1}.net_2_0_Release|Any CPU.Build.0 = Release|Any CPU
		{414968D7-E94C-404B-8831-35AA54A656F1}.net_3_5_Debug|Any CPU.ActiveCfg = Debug|Any CPU
		{414968D7-E94C-404B-8831-35AA54A656F1}.net_3_5_Debug|Any CPU.Build.0 = Debug|Any CPU
		{414968D7-E94C-404B-8831-35AA54A656F1}.net_3_5_Release|Any CPU.ActiveCfg = Release|Any CPU
		{414968D7-E94C-404B-8831-35AA54A656F1}.net_3_5_Release|Any CPU.Build.0 = Release|Any CPU
		{414968D7-E94C-404B-8831-35AA54A656F1}.net_4_0_Debug|Any CPU.ActiveCfg = Debug|Any CPU
		{414968D7-E94C-404B-8831-35AA54A656F1}.net_4_0_Debug|Any CPU.Build.0 = Debug|Any CPU
		{414968D7-E94C-404B-8831-35AA54A656F1}.net_4_0_Release|Any CPU.ActiveCfg = Release|Any CPU
		{414968D7-E94C-404B-8831-35AA54A656F1}.net_4_0_Release|Any CPU.Build.0 = Release|Any CPU
		{414968D7-E94C-404B-8831-35AA54A656F1}.net_4_5_Debug|Any CPU.ActiveCfg = Debug|Any CPU
		{414968D7-E94C-404B-8831-35AA54A656F1}.net_4_5_Debug|Any CPU.Build.0 = Debug|Any CPU
		{414968D7-E94C-404B-8831-35AA54A656F1}.net_4_5_Release|Any CPU.ActiveCfg = Release|Any CPU
		{414968D7-E94C-404B-8831-35AA54A656F1}.net_4_5_Release|Any CPU.Build.0 = Release|Any CPU
		{414968D7-E94C-404B-8831-35AA54A656F1}.Release|Any CPU.ActiveCfg = Release|Any CPU
		{414968D7-E94C-404B-8831-35AA54A656F1}.Release|Any CPU.Build.0 = Release|Any CPU
		{414968D7-E94C-404B-8831-35AA54A656F1}.silverlight_Debug|Any CPU.ActiveCfg = Debug|Any CPU
		{414968D7-E94C-404B-8831-35AA54A656F1}.silverlight_Debug|Any CPU.Build.0 = Debug|Any CPU
		{414968D7-E94C-404B-8831-35AA54A656F1}.silverlight_Release|Any CPU.ActiveCfg = Release|Any CPU
		{414968D7-E94C-404B-8831-35AA54A656F1}.silverlight_Release|Any CPU.Build.0 = Release|Any CPU
		{414968D7-E94C-404B-8831-35AA54A656F1}.winphone_Debug|Any CPU.ActiveCfg = Debug|Any CPU
		{414968D7-E94C-404B-8831-35AA54A656F1}.winphone_Debug|Any CPU.Build.0 = Debug|Any CPU
		{414968D7-E94C-404B-8831-35AA54A656F1}.winphone_Release|Any CPU.ActiveCfg = Release|Any CPU
		{414968D7-E94C-404B-8831-35AA54A656F1}.winphone_Release|Any CPU.Build.0 = Release|Any CPU
		{EC074CCB-0934-46C4-BBCC-B306459FC95E}.Debug|Any CPU.ActiveCfg = Debug|Any CPU
		{EC074CCB-0934-46C4-BBCC-B306459FC95E}.Debug|Any CPU.Build.0 = Debug|Any CPU
		{EC074CCB-0934-46C4-BBCC-B306459FC95E}.net_2_0_Debug|Any CPU.ActiveCfg = Debug|Any CPU
		{EC074CCB-0934-46C4-BBCC-B306459FC95E}.net_2_0_Debug|Any CPU.Build.0 = Debug|Any CPU
		{EC074CCB-0934-46C4-BBCC-B306459FC95E}.net_2_0_Release|Any CPU.ActiveCfg = Release|Any CPU
		{EC074CCB-0934-46C4-BBCC-B306459FC95E}.net_2_0_Release|Any CPU.Build.0 = Release|Any CPU
		{EC074CCB-0934-46C4-BBCC-B306459FC95E}.net_3_5_Debug|Any CPU.ActiveCfg = Debug|Any CPU
		{EC074CCB-0934-46C4-BBCC-B306459FC95E}.net_3_5_Debug|Any CPU.Build.0 = Debug|Any CPU
		{EC074CCB-0934-46C4-BBCC-B306459FC95E}.net_3_5_Release|Any CPU.ActiveCfg = Release|Any CPU
		{EC074CCB-0934-46C4-BBCC-B306459FC95E}.net_3_5_Release|Any CPU.Build.0 = Release|Any CPU
		{EC074CCB-0934-46C4-BBCC-B306459FC95E}.net_4_0_Debug|Any CPU.ActiveCfg = Debug|Any CPU
		{EC074CCB-0934-46C4-BBCC-B306459FC95E}.net_4_0_Debug|Any CPU.Build.0 = Debug|Any CPU
		{EC074CCB-0934-46C4-BBCC-B306459FC95E}.net_4_0_Release|Any CPU.ActiveCfg = Release|Any CPU
		{EC074CCB-0934-46C4-BBCC-B306459FC95E}.net_4_0_Release|Any CPU.Build.0 = Release|Any CPU
		{EC074CCB-0934-46C4-BBCC-B306459FC95E}.net_4_5_Debug|Any CPU.ActiveCfg = Debug|Any CPU
		{EC074CCB-0934-46C4-BBCC-B306459FC95E}.net_4_5_Debug|Any CPU.Build.0 = Debug|Any CPU
		{EC074CCB-0934-46C4-BBCC-B306459FC95E}.net_4_5_Release|Any CPU.ActiveCfg = Release|Any CPU
		{EC074CCB-0934-46C4-BBCC-B306459FC95E}.net_4_5_Release|Any CPU.Build.0 = Release|Any CPU
		{EC074CCB-0934-46C4-BBCC-B306459FC95E}.Release|Any CPU.ActiveCfg = Release|Any CPU
		{EC074CCB-0934-46C4-BBCC-B306459FC95E}.Release|Any CPU.Build.0 = Release|Any CPU
		{EC074CCB-0934-46C4-BBCC-B306459FC95E}.silverlight_Debug|Any CPU.ActiveCfg = Debug|Any CPU
		{EC074CCB-0934-46C4-BBCC-B306459FC95E}.silverlight_Debug|Any CPU.Build.0 = Debug|Any CPU
		{EC074CCB-0934-46C4-BBCC-B306459FC95E}.silverlight_Release|Any CPU.ActiveCfg = Release|Any CPU
		{EC074CCB-0934-46C4-BBCC-B306459FC95E}.silverlight_Release|Any CPU.Build.0 = Release|Any CPU
		{EC074CCB-0934-46C4-BBCC-B306459FC95E}.winphone_Debug|Any CPU.ActiveCfg = Debug|Any CPU
		{EC074CCB-0934-46C4-BBCC-B306459FC95E}.winphone_Debug|Any CPU.Build.0 = Debug|Any CPU
		{EC074CCB-0934-46C4-BBCC-B306459FC95E}.winphone_Release|Any CPU.ActiveCfg = Release|Any CPU
		{EC074CCB-0934-46C4-BBCC-B306459FC95E}.winphone_Release|Any CPU.Build.0 = Release|Any CPU
		{740AB264-1DBA-41F8-B39D-E7C989F3B42B}.Debug|Any CPU.ActiveCfg = Debug|Any CPU
		{740AB264-1DBA-41F8-B39D-E7C989F3B42B}.Debug|Any CPU.Build.0 = Debug|Any CPU
		{740AB264-1DBA-41F8-B39D-E7C989F3B42B}.net_2_0_Debug|Any CPU.ActiveCfg = Debug|Any CPU
		{740AB264-1DBA-41F8-B39D-E7C989F3B42B}.net_2_0_Debug|Any CPU.Build.0 = Debug|Any CPU
		{740AB264-1DBA-41F8-B39D-E7C989F3B42B}.net_2_0_Release|Any CPU.ActiveCfg = Release|Any CPU
		{740AB264-1DBA-41F8-B39D-E7C989F3B42B}.net_2_0_Release|Any CPU.Build.0 = Release|Any CPU
		{740AB264-1DBA-41F8-B39D-E7C989F3B42B}.net_3_5_Debug|Any CPU.ActiveCfg = Debug|Any CPU
		{740AB264-1DBA-41F8-B39D-E7C989F3B42B}.net_3_5_Debug|Any CPU.Build.0 = Debug|Any CPU
		{740AB264-1DBA-41F8-B39D-E7C989F3B42B}.net_3_5_Release|Any CPU.ActiveCfg = Release|Any CPU
		{740AB264-1DBA-41F8-B39D-E7C989F3B42B}.net_3_5_Release|Any CPU.Build.0 = Release|Any CPU
		{740AB264-1DBA-41F8-B39D-E7C989F3B42B}.net_4_0_Debug|Any CPU.ActiveCfg = Debug|Any CPU
		{740AB264-1DBA-41F8-B39D-E7C989F3B42B}.net_4_0_Debug|Any CPU.Build.0 = Debug|Any CPU
		{740AB264-1DBA-41F8-B39D-E7C989F3B42B}.net_4_0_Release|Any CPU.ActiveCfg = Release|Any CPU
		{740AB264-1DBA-41F8-B39D-E7C989F3B42B}.net_4_0_Release|Any CPU.Build.0 = Release|Any CPU
		{740AB264-1DBA-41F8-B39D-E7C989F3B42B}.net_4_5_Debug|Any CPU.ActiveCfg = Debug|Any CPU
		{740AB264-1DBA-41F8-B39D-E7C989F3B42B}.net_4_5_Debug|Any CPU.Build.0 = Debug|Any CPU
		{740AB264-1DBA-41F8-B39D-E7C989F3B42B}.net_4_5_Release|Any CPU.ActiveCfg = Release|Any CPU
		{740AB264-1DBA-41F8-B39D-E7C989F3B42B}.net_4_5_Release|Any CPU.Build.0 = Release|Any CPU
		{740AB264-1DBA-41F8-B39D-E7C989F3B42B}.Release|Any CPU.ActiveCfg = Release|Any CPU
		{740AB264-1DBA-41F8-B39D-E7C989F3B42B}.Release|Any CPU.Build.0 = Release|Any CPU
		{740AB264-1DBA-41F8-B39D-E7C989F3B42B}.silverlight_Debug|Any CPU.ActiveCfg = Debug|Any CPU
		{740AB264-1DBA-41F8-B39D-E7C989F3B42B}.silverlight_Debug|Any CPU.Build.0 = Debug|Any CPU
		{740AB264-1DBA-41F8-B39D-E7C989F3B42B}.silverlight_Release|Any CPU.ActiveCfg = Release|Any CPU
		{740AB264-1DBA-41F8-B39D-E7C989F3B42B}.silverlight_Release|Any CPU.Build.0 = Release|Any CPU
		{740AB264-1DBA-41F8-B39D-E7C989F3B42B}.winphone_Debug|Any CPU.ActiveCfg = Debug|Any CPU
		{740AB264-1DBA-41F8-B39D-E7C989F3B42B}.winphone_Debug|Any CPU.Build.0 = Debug|Any CPU
		{740AB264-1DBA-41F8-B39D-E7C989F3B42B}.winphone_Release|Any CPU.ActiveCfg = Release|Any CPU
		{740AB264-1DBA-41F8-B39D-E7C989F3B42B}.winphone_Release|Any CPU.Build.0 = Release|Any CPU
		{BD5DBF9D-A794-4588-8CE4-72E65BF32520}.Debug|Any CPU.ActiveCfg = Debug|Any CPU
		{BD5DBF9D-A794-4588-8CE4-72E65BF32520}.Debug|Any CPU.Build.0 = Debug|Any CPU
		{BD5DBF9D-A794-4588-8CE4-72E65BF32520}.net_2_0_Debug|Any CPU.ActiveCfg = Debug|Any CPU
		{BD5DBF9D-A794-4588-8CE4-72E65BF32520}.net_2_0_Debug|Any CPU.Build.0 = Debug|Any CPU
		{BD5DBF9D-A794-4588-8CE4-72E65BF32520}.net_2_0_Release|Any CPU.ActiveCfg = Release|Any CPU
		{BD5DBF9D-A794-4588-8CE4-72E65BF32520}.net_2_0_Release|Any CPU.Build.0 = Release|Any CPU
		{BD5DBF9D-A794-4588-8CE4-72E65BF32520}.net_3_5_Debug|Any CPU.ActiveCfg = Debug|Any CPU
		{BD5DBF9D-A794-4588-8CE4-72E65BF32520}.net_3_5_Debug|Any CPU.Build.0 = Debug|Any CPU
		{BD5DBF9D-A794-4588-8CE4-72E65BF32520}.net_3_5_Release|Any CPU.ActiveCfg = Release|Any CPU
		{BD5DBF9D-A794-4588-8CE4-72E65BF32520}.net_3_5_Release|Any CPU.Build.0 = Release|Any CPU
		{BD5DBF9D-A794-4588-8CE4-72E65BF32520}.net_4_0_Debug|Any CPU.ActiveCfg = Debug|Any CPU
		{BD5DBF9D-A794-4588-8CE4-72E65BF32520}.net_4_0_Debug|Any CPU.Build.0 = Debug|Any CPU
		{BD5DBF9D-A794-4588-8CE4-72E65BF32520}.net_4_0_Release|Any CPU.ActiveCfg = Release|Any CPU
		{BD5DBF9D-A794-4588-8CE4-72E65BF32520}.net_4_0_Release|Any CPU.Build.0 = Release|Any CPU
		{BD5DBF9D-A794-4588-8CE4-72E65BF32520}.net_4_5_Debug|Any CPU.ActiveCfg = Debug|Any CPU
		{BD5DBF9D-A794-4588-8CE4-72E65BF32520}.net_4_5_Debug|Any CPU.Build.0 = Debug|Any CPU
		{BD5DBF9D-A794-4588-8CE4-72E65BF32520}.net_4_5_Release|Any CPU.ActiveCfg = Release|Any CPU
		{BD5DBF9D-A794-4588-8CE4-72E65BF32520}.net_4_5_Release|Any CPU.Build.0 = Release|Any CPU
		{BD5DBF9D-A794-4588-8CE4-72E65BF32520}.Release|Any CPU.ActiveCfg = Release|Any CPU
		{BD5DBF9D-A794-4588-8CE4-72E65BF32520}.Release|Any CPU.Build.0 = Release|Any CPU
		{BD5DBF9D-A794-4588-8CE4-72E65BF32520}.silverlight_Debug|Any CPU.ActiveCfg = Debug|Any CPU
		{BD5DBF9D-A794-4588-8CE4-72E65BF32520}.silverlight_Debug|Any CPU.Build.0 = Debug|Any CPU
		{BD5DBF9D-A794-4588-8CE4-72E65BF32520}.silverlight_Release|Any CPU.ActiveCfg = Release|Any CPU
		{BD5DBF9D-A794-4588-8CE4-72E65BF32520}.silverlight_Release|Any CPU.Build.0 = Release|Any CPU
		{BD5DBF9D-A794-4588-8CE4-72E65BF32520}.winphone_Debug|Any CPU.ActiveCfg = Debug|Any CPU
		{BD5DBF9D-A794-4588-8CE4-72E65BF32520}.winphone_Debug|Any CPU.Build.0 = Debug|Any CPU
		{BD5DBF9D-A794-4588-8CE4-72E65BF32520}.winphone_Release|Any CPU.ActiveCfg = Release|Any CPU
		{BD5DBF9D-A794-4588-8CE4-72E65BF32520}.winphone_Release|Any CPU.Build.0 = Release|Any CPU
		{625C86A8-5298-41B8-B40F-85FA88E678BF}.Debug|Any CPU.ActiveCfg = Debug|Any CPU
		{625C86A8-5298-41B8-B40F-85FA88E678BF}.Debug|Any CPU.Build.0 = Debug|Any CPU
		{625C86A8-5298-41B8-B40F-85FA88E678BF}.net_2_0_Debug|Any CPU.ActiveCfg = Debug|Any CPU
		{625C86A8-5298-41B8-B40F-85FA88E678BF}.net_2_0_Debug|Any CPU.Build.0 = Debug|Any CPU
		{625C86A8-5298-41B8-B40F-85FA88E678BF}.net_2_0_Release|Any CPU.ActiveCfg = Release|Any CPU
		{625C86A8-5298-41B8-B40F-85FA88E678BF}.net_2_0_Release|Any CPU.Build.0 = Release|Any CPU
		{625C86A8-5298-41B8-B40F-85FA88E678BF}.net_3_5_Debug|Any CPU.ActiveCfg = Debug|Any CPU
		{625C86A8-5298-41B8-B40F-85FA88E678BF}.net_3_5_Debug|Any CPU.Build.0 = Debug|Any CPU
		{625C86A8-5298-41B8-B40F-85FA88E678BF}.net_3_5_Release|Any CPU.ActiveCfg = Release|Any CPU
		{625C86A8-5298-41B8-B40F-85FA88E678BF}.net_3_5_Release|Any CPU.Build.0 = Release|Any CPU
		{625C86A8-5298-41B8-B40F-85FA88E678BF}.net_4_0_Debug|Any CPU.ActiveCfg = Debug|Any CPU
		{625C86A8-5298-41B8-B40F-85FA88E678BF}.net_4_0_Debug|Any CPU.Build.0 = Debug|Any CPU
		{625C86A8-5298-41B8-B40F-85FA88E678BF}.net_4_0_Release|Any CPU.ActiveCfg = Release|Any CPU
		{625C86A8-5298-41B8-B40F-85FA88E678BF}.net_4_0_Release|Any CPU.Build.0 = Release|Any CPU
		{625C86A8-5298-41B8-B40F-85FA88E678BF}.net_4_5_Debug|Any CPU.ActiveCfg = Debug|Any CPU
		{625C86A8-5298-41B8-B40F-85FA88E678BF}.net_4_5_Debug|Any CPU.Build.0 = Debug|Any CPU
		{625C86A8-5298-41B8-B40F-85FA88E678BF}.net_4_5_Release|Any CPU.ActiveCfg = Release|Any CPU
		{625C86A8-5298-41B8-B40F-85FA88E678BF}.net_4_5_Release|Any CPU.Build.0 = Release|Any CPU
		{625C86A8-5298-41B8-B40F-85FA88E678BF}.Release|Any CPU.ActiveCfg = Release|Any CPU
		{625C86A8-5298-41B8-B40F-85FA88E678BF}.Release|Any CPU.Build.0 = Release|Any CPU
		{625C86A8-5298-41B8-B40F-85FA88E678BF}.silverlight_Debug|Any CPU.ActiveCfg = Debug|Any CPU
		{625C86A8-5298-41B8-B40F-85FA88E678BF}.silverlight_Debug|Any CPU.Build.0 = Debug|Any CPU
		{625C86A8-5298-41B8-B40F-85FA88E678BF}.silverlight_Release|Any CPU.ActiveCfg = Release|Any CPU
		{625C86A8-5298-41B8-B40F-85FA88E678BF}.silverlight_Release|Any CPU.Build.0 = Release|Any CPU
		{625C86A8-5298-41B8-B40F-85FA88E678BF}.winphone_Debug|Any CPU.ActiveCfg = Debug|Any CPU
		{625C86A8-5298-41B8-B40F-85FA88E678BF}.winphone_Debug|Any CPU.Build.0 = Debug|Any CPU
		{625C86A8-5298-41B8-B40F-85FA88E678BF}.winphone_Release|Any CPU.ActiveCfg = Release|Any CPU
		{625C86A8-5298-41B8-B40F-85FA88E678BF}.winphone_Release|Any CPU.Build.0 = Release|Any CPU
		{EC6B7D59-2A0D-45B9-99A3-0D0A3070A943}.Debug|Any CPU.ActiveCfg = Debug|Any CPU
		{EC6B7D59-2A0D-45B9-99A3-0D0A3070A943}.Debug|Any CPU.Build.0 = Debug|Any CPU
		{EC6B7D59-2A0D-45B9-99A3-0D0A3070A943}.net_2_0_Debug|Any CPU.ActiveCfg = Debug|Any CPU
		{EC6B7D59-2A0D-45B9-99A3-0D0A3070A943}.net_2_0_Debug|Any CPU.Build.0 = Debug|Any CPU
		{EC6B7D59-2A0D-45B9-99A3-0D0A3070A943}.net_2_0_Release|Any CPU.ActiveCfg = Release|Any CPU
		{EC6B7D59-2A0D-45B9-99A3-0D0A3070A943}.net_2_0_Release|Any CPU.Build.0 = Release|Any CPU
		{EC6B7D59-2A0D-45B9-99A3-0D0A3070A943}.net_3_5_Debug|Any CPU.ActiveCfg = Debug|Any CPU
		{EC6B7D59-2A0D-45B9-99A3-0D0A3070A943}.net_3_5_Debug|Any CPU.Build.0 = Debug|Any CPU
		{EC6B7D59-2A0D-45B9-99A3-0D0A3070A943}.net_3_5_Release|Any CPU.ActiveCfg = Release|Any CPU
		{EC6B7D59-2A0D-45B9-99A3-0D0A3070A943}.net_3_5_Release|Any CPU.Build.0 = Release|Any CPU
		{EC6B7D59-2A0D-45B9-99A3-0D0A3070A943}.net_4_0_Debug|Any CPU.ActiveCfg = Debug|Any CPU
		{EC6B7D59-2A0D-45B9-99A3-0D0A3070A943}.net_4_0_Debug|Any CPU.Build.0 = Debug|Any CPU
		{EC6B7D59-2A0D-45B9-99A3-0D0A3070A943}.net_4_0_Release|Any CPU.ActiveCfg = Release|Any CPU
		{EC6B7D59-2A0D-45B9-99A3-0D0A3070A943}.net_4_0_Release|Any CPU.Build.0 = Release|Any CPU
		{EC6B7D59-2A0D-45B9-99A3-0D0A3070A943}.net_4_5_Debug|Any CPU.ActiveCfg = Debug|Any CPU
		{EC6B7D59-2A0D-45B9-99A3-0D0A3070A943}.net_4_5_Debug|Any CPU.Build.0 = Debug|Any CPU
		{EC6B7D59-2A0D-45B9-99A3-0D0A3070A943}.net_4_5_Release|Any CPU.ActiveCfg = Release|Any CPU
		{EC6B7D59-2A0D-45B9-99A3-0D0A3070A943}.net_4_5_Release|Any CPU.Build.0 = Release|Any CPU
		{EC6B7D59-2A0D-45B9-99A3-0D0A3070A943}.Release|Any CPU.ActiveCfg = Release|Any CPU
		{EC6B7D59-2A0D-45B9-99A3-0D0A3070A943}.Release|Any CPU.Build.0 = Release|Any CPU
		{EC6B7D59-2A0D-45B9-99A3-0D0A3070A943}.silverlight_Debug|Any CPU.ActiveCfg = Debug|Any CPU
		{EC6B7D59-2A0D-45B9-99A3-0D0A3070A943}.silverlight_Debug|Any CPU.Build.0 = Debug|Any CPU
		{EC6B7D59-2A0D-45B9-99A3-0D0A3070A943}.silverlight_Release|Any CPU.ActiveCfg = Release|Any CPU
		{EC6B7D59-2A0D-45B9-99A3-0D0A3070A943}.silverlight_Release|Any CPU.Build.0 = Release|Any CPU
		{EC6B7D59-2A0D-45B9-99A3-0D0A3070A943}.winphone_Debug|Any CPU.ActiveCfg = Debug|Any CPU
		{EC6B7D59-2A0D-45B9-99A3-0D0A3070A943}.winphone_Debug|Any CPU.Build.0 = Debug|Any CPU
		{EC6B7D59-2A0D-45B9-99A3-0D0A3070A943}.winphone_Release|Any CPU.ActiveCfg = Release|Any CPU
		{EC6B7D59-2A0D-45B9-99A3-0D0A3070A943}.winphone_Release|Any CPU.Build.0 = Release|Any CPU
		{62186CA2-59A3-480E-BEC9-BAA168054190}.Debug|Any CPU.ActiveCfg = Debug|Any CPU
		{62186CA2-59A3-480E-BEC9-BAA168054190}.Debug|Any CPU.Build.0 = Debug|Any CPU
		{62186CA2-59A3-480E-BEC9-BAA168054190}.net_2_0_Debug|Any CPU.ActiveCfg = Debug|Any CPU
		{62186CA2-59A3-480E-BEC9-BAA168054190}.net_2_0_Debug|Any CPU.Build.0 = Debug|Any CPU
		{62186CA2-59A3-480E-BEC9-BAA168054190}.net_2_0_Release|Any CPU.ActiveCfg = Release|Any CPU
		{62186CA2-59A3-480E-BEC9-BAA168054190}.net_2_0_Release|Any CPU.Build.0 = Release|Any CPU
		{62186CA2-59A3-480E-BEC9-BAA168054190}.net_3_5_Debug|Any CPU.ActiveCfg = Debug|Any CPU
		{62186CA2-59A3-480E-BEC9-BAA168054190}.net_3_5_Debug|Any CPU.Build.0 = Debug|Any CPU
		{62186CA2-59A3-480E-BEC9-BAA168054190}.net_3_5_Release|Any CPU.ActiveCfg = Release|Any CPU
		{62186CA2-59A3-480E-BEC9-BAA168054190}.net_3_5_Release|Any CPU.Build.0 = Release|Any CPU
		{62186CA2-59A3-480E-BEC9-BAA168054190}.net_4_0_Debug|Any CPU.ActiveCfg = Debug|Any CPU
		{62186CA2-59A3-480E-BEC9-BAA168054190}.net_4_0_Debug|Any CPU.Build.0 = Debug|Any CPU
		{62186CA2-59A3-480E-BEC9-BAA168054190}.net_4_0_Release|Any CPU.ActiveCfg = Release|Any CPU
		{62186CA2-59A3-480E-BEC9-BAA168054190}.net_4_0_Release|Any CPU.Build.0 = Release|Any CPU
		{62186CA2-59A3-480E-BEC9-BAA168054190}.net_4_5_Debug|Any CPU.ActiveCfg = Debug|Any CPU
		{62186CA2-59A3-480E-BEC9-BAA168054190}.net_4_5_Debug|Any CPU.Build.0 = Debug|Any CPU
		{62186CA2-59A3-480E-BEC9-BAA168054190}.net_4_5_Release|Any CPU.ActiveCfg = Release|Any CPU
		{62186CA2-59A3-480E-BEC9-BAA168054190}.net_4_5_Release|Any CPU.Build.0 = Release|Any CPU
		{62186CA2-59A3-480E-BEC9-BAA168054190}.Release|Any CPU.ActiveCfg = Release|Any CPU
		{62186CA2-59A3-480E-BEC9-BAA168054190}.Release|Any CPU.Build.0 = Release|Any CPU
		{62186CA2-59A3-480E-BEC9-BAA168054190}.silverlight_Debug|Any CPU.ActiveCfg = Debug|Any CPU
		{62186CA2-59A3-480E-BEC9-BAA168054190}.silverlight_Debug|Any CPU.Build.0 = Debug|Any CPU
		{62186CA2-59A3-480E-BEC9-BAA168054190}.silverlight_Release|Any CPU.ActiveCfg = Release|Any CPU
		{62186CA2-59A3-480E-BEC9-BAA168054190}.silverlight_Release|Any CPU.Build.0 = Release|Any CPU
		{62186CA2-59A3-480E-BEC9-BAA168054190}.winphone_Debug|Any CPU.ActiveCfg = Debug|Any CPU
		{62186CA2-59A3-480E-BEC9-BAA168054190}.winphone_Debug|Any CPU.Build.0 = Debug|Any CPU
		{62186CA2-59A3-480E-BEC9-BAA168054190}.winphone_Release|Any CPU.ActiveCfg = Release|Any CPU
		{62186CA2-59A3-480E-BEC9-BAA168054190}.winphone_Release|Any CPU.Build.0 = Release|Any CPU
		{184E1B51-AEF4-47CB-A4A3-FDD2E90B3EED}.Debug|Any CPU.ActiveCfg = Debug|Any CPU
		{184E1B51-AEF4-47CB-A4A3-FDD2E90B3EED}.Debug|Any CPU.Build.0 = Debug|Any CPU
		{184E1B51-AEF4-47CB-A4A3-FDD2E90B3EED}.net_2_0_Debug|Any CPU.ActiveCfg = Debug|Any CPU
		{184E1B51-AEF4-47CB-A4A3-FDD2E90B3EED}.net_2_0_Debug|Any CPU.Build.0 = Debug|Any CPU
		{184E1B51-AEF4-47CB-A4A3-FDD2E90B3EED}.net_2_0_Release|Any CPU.ActiveCfg = Release|Any CPU
		{184E1B51-AEF4-47CB-A4A3-FDD2E90B3EED}.net_2_0_Release|Any CPU.Build.0 = Release|Any CPU
		{184E1B51-AEF4-47CB-A4A3-FDD2E90B3EED}.net_3_5_Debug|Any CPU.ActiveCfg = Debug|Any CPU
		{184E1B51-AEF4-47CB-A4A3-FDD2E90B3EED}.net_3_5_Debug|Any CPU.Build.0 = Debug|Any CPU
		{184E1B51-AEF4-47CB-A4A3-FDD2E90B3EED}.net_3_5_Release|Any CPU.ActiveCfg = Release|Any CPU
		{184E1B51-AEF4-47CB-A4A3-FDD2E90B3EED}.net_3_5_Release|Any CPU.Build.0 = Release|Any CPU
		{184E1B51-AEF4-47CB-A4A3-FDD2E90B3EED}.net_4_0_Debug|Any CPU.ActiveCfg = Debug|Any CPU
		{184E1B51-AEF4-47CB-A4A3-FDD2E90B3EED}.net_4_0_Debug|Any CPU.Build.0 = Debug|Any CPU
		{184E1B51-AEF4-47CB-A4A3-FDD2E90B3EED}.net_4_0_Release|Any CPU.ActiveCfg = Release|Any CPU
		{184E1B51-AEF4-47CB-A4A3-FDD2E90B3EED}.net_4_0_Release|Any CPU.Build.0 = Release|Any CPU
		{184E1B51-AEF4-47CB-A4A3-FDD2E90B3EED}.net_4_5_Debug|Any CPU.ActiveCfg = Debug|Any CPU
		{184E1B51-AEF4-47CB-A4A3-FDD2E90B3EED}.net_4_5_Debug|Any CPU.Build.0 = Debug|Any CPU
		{184E1B51-AEF4-47CB-A4A3-FDD2E90B3EED}.net_4_5_Release|Any CPU.ActiveCfg = Release|Any CPU
		{184E1B51-AEF4-47CB-A4A3-FDD2E90B3EED}.net_4_5_Release|Any CPU.Build.0 = Release|Any CPU
		{184E1B51-AEF4-47CB-A4A3-FDD2E90B3EED}.Release|Any CPU.ActiveCfg = Release|Any CPU
		{184E1B51-AEF4-47CB-A4A3-FDD2E90B3EED}.Release|Any CPU.Build.0 = Release|Any CPU
		{184E1B51-AEF4-47CB-A4A3-FDD2E90B3EED}.silverlight_Debug|Any CPU.ActiveCfg = Debug|Any CPU
		{184E1B51-AEF4-47CB-A4A3-FDD2E90B3EED}.silverlight_Debug|Any CPU.Build.0 = Debug|Any CPU
		{184E1B51-AEF4-47CB-A4A3-FDD2E90B3EED}.silverlight_Release|Any CPU.ActiveCfg = Release|Any CPU
		{184E1B51-AEF4-47CB-A4A3-FDD2E90B3EED}.silverlight_Release|Any CPU.Build.0 = Release|Any CPU
		{184E1B51-AEF4-47CB-A4A3-FDD2E90B3EED}.winphone_Debug|Any CPU.ActiveCfg = Debug|Any CPU
		{184E1B51-AEF4-47CB-A4A3-FDD2E90B3EED}.winphone_Debug|Any CPU.Build.0 = Debug|Any CPU
		{184E1B51-AEF4-47CB-A4A3-FDD2E90B3EED}.winphone_Release|Any CPU.ActiveCfg = Release|Any CPU
		{184E1B51-AEF4-47CB-A4A3-FDD2E90B3EED}.winphone_Release|Any CPU.Build.0 = Release|Any CPU
		{D3615AE1-9A75-4F37-9F28-49F905B8E793}.Debug|Any CPU.ActiveCfg = Debug|Any CPU
		{D3615AE1-9A75-4F37-9F28-49F905B8E793}.Debug|Any CPU.Build.0 = Debug|Any CPU
		{D3615AE1-9A75-4F37-9F28-49F905B8E793}.net_2_0_Debug|Any CPU.ActiveCfg = Debug|Any CPU
		{D3615AE1-9A75-4F37-9F28-49F905B8E793}.net_2_0_Debug|Any CPU.Build.0 = Debug|Any CPU
		{D3615AE1-9A75-4F37-9F28-49F905B8E793}.net_2_0_Release|Any CPU.ActiveCfg = Release|Any CPU
		{D3615AE1-9A75-4F37-9F28-49F905B8E793}.net_2_0_Release|Any CPU.Build.0 = Release|Any CPU
		{D3615AE1-9A75-4F37-9F28-49F905B8E793}.net_3_5_Debug|Any CPU.ActiveCfg = Debug|Any CPU
		{D3615AE1-9A75-4F37-9F28-49F905B8E793}.net_3_5_Debug|Any CPU.Build.0 = Debug|Any CPU
		{D3615AE1-9A75-4F37-9F28-49F905B8E793}.net_3_5_Release|Any CPU.ActiveCfg = Release|Any CPU
		{D3615AE1-9A75-4F37-9F28-49F905B8E793}.net_3_5_Release|Any CPU.Build.0 = Release|Any CPU
		{D3615AE1-9A75-4F37-9F28-49F905B8E793}.net_4_0_Debug|Any CPU.ActiveCfg = Debug|Any CPU
		{D3615AE1-9A75-4F37-9F28-49F905B8E793}.net_4_0_Debug|Any CPU.Build.0 = Debug|Any CPU
		{D3615AE1-9A75-4F37-9F28-49F905B8E793}.net_4_0_Release|Any CPU.ActiveCfg = Release|Any CPU
		{D3615AE1-9A75-4F37-9F28-49F905B8E793}.net_4_0_Release|Any CPU.Build.0 = Release|Any CPU
		{D3615AE1-9A75-4F37-9F28-49F905B8E793}.net_4_5_Debug|Any CPU.ActiveCfg = Debug|Any CPU
		{D3615AE1-9A75-4F37-9F28-49F905B8E793}.net_4_5_Debug|Any CPU.Build.0 = Debug|Any CPU
		{D3615AE1-9A75-4F37-9F28-49F905B8E793}.net_4_5_Release|Any CPU.ActiveCfg = Release|Any CPU
		{D3615AE1-9A75-4F37-9F28-49F905B8E793}.net_4_5_Release|Any CPU.Build.0 = Release|Any CPU
		{D3615AE1-9A75-4F37-9F28-49F905B8E793}.Release|Any CPU.ActiveCfg = Release|Any CPU
		{D3615AE1-9A75-4F37-9F28-49F905B8E793}.Release|Any CPU.Build.0 = Release|Any CPU
		{D3615AE1-9A75-4F37-9F28-49F905B8E793}.silverlight_Debug|Any CPU.ActiveCfg = Debug|Any CPU
		{D3615AE1-9A75-4F37-9F28-49F905B8E793}.silverlight_Debug|Any CPU.Build.0 = Debug|Any CPU
		{D3615AE1-9A75-4F37-9F28-49F905B8E793}.silverlight_Release|Any CPU.ActiveCfg = Release|Any CPU
		{D3615AE1-9A75-4F37-9F28-49F905B8E793}.silverlight_Release|Any CPU.Build.0 = Release|Any CPU
		{D3615AE1-9A75-4F37-9F28-49F905B8E793}.winphone_Debug|Any CPU.ActiveCfg = Debug|Any CPU
		{D3615AE1-9A75-4F37-9F28-49F905B8E793}.winphone_Debug|Any CPU.Build.0 = Debug|Any CPU
		{D3615AE1-9A75-4F37-9F28-49F905B8E793}.winphone_Release|Any CPU.ActiveCfg = Release|Any CPU
		{D3615AE1-9A75-4F37-9F28-49F905B8E793}.winphone_Release|Any CPU.Build.0 = Release|Any CPU
		{C5462009-DF07-4DB4-A472-40E4B2B19351}.Debug|Any CPU.ActiveCfg = Debug|Any CPU
		{C5462009-DF07-4DB4-A472-40E4B2B19351}.Debug|Any CPU.Build.0 = Debug|Any CPU
		{C5462009-DF07-4DB4-A472-40E4B2B19351}.net_2_0_Debug|Any CPU.ActiveCfg = Debug|Any CPU
		{C5462009-DF07-4DB4-A472-40E4B2B19351}.net_2_0_Debug|Any CPU.Build.0 = Debug|Any CPU
		{C5462009-DF07-4DB4-A472-40E4B2B19351}.net_2_0_Release|Any CPU.ActiveCfg = Release|Any CPU
		{C5462009-DF07-4DB4-A472-40E4B2B19351}.net_2_0_Release|Any CPU.Build.0 = Release|Any CPU
		{C5462009-DF07-4DB4-A472-40E4B2B19351}.net_3_5_Debug|Any CPU.ActiveCfg = Debug|Any CPU
		{C5462009-DF07-4DB4-A472-40E4B2B19351}.net_3_5_Debug|Any CPU.Build.0 = Debug|Any CPU
		{C5462009-DF07-4DB4-A472-40E4B2B19351}.net_3_5_Release|Any CPU.ActiveCfg = Release|Any CPU
		{C5462009-DF07-4DB4-A472-40E4B2B19351}.net_3_5_Release|Any CPU.Build.0 = Release|Any CPU
		{C5462009-DF07-4DB4-A472-40E4B2B19351}.net_4_0_Debug|Any CPU.ActiveCfg = Debug|Any CPU
		{C5462009-DF07-4DB4-A472-40E4B2B19351}.net_4_0_Debug|Any CPU.Build.0 = Debug|Any CPU
		{C5462009-DF07-4DB4-A472-40E4B2B19351}.net_4_0_Release|Any CPU.ActiveCfg = Release|Any CPU
		{C5462009-DF07-4DB4-A472-40E4B2B19351}.net_4_0_Release|Any CPU.Build.0 = Release|Any CPU
		{C5462009-DF07-4DB4-A472-40E4B2B19351}.net_4_5_Debug|Any CPU.ActiveCfg = Debug|Any CPU
		{C5462009-DF07-4DB4-A472-40E4B2B19351}.net_4_5_Debug|Any CPU.Build.0 = Debug|Any CPU
		{C5462009-DF07-4DB4-A472-40E4B2B19351}.net_4_5_Release|Any CPU.ActiveCfg = Release|Any CPU
		{C5462009-DF07-4DB4-A472-40E4B2B19351}.net_4_5_Release|Any CPU.Build.0 = Release|Any CPU
		{C5462009-DF07-4DB4-A472-40E4B2B19351}.Release|Any CPU.ActiveCfg = Release|Any CPU
		{C5462009-DF07-4DB4-A472-40E4B2B19351}.Release|Any CPU.Build.0 = Release|Any CPU
		{C5462009-DF07-4DB4-A472-40E4B2B19351}.silverlight_Debug|Any CPU.ActiveCfg = Debug|Any CPU
		{C5462009-DF07-4DB4-A472-40E4B2B19351}.silverlight_Debug|Any CPU.Build.0 = Debug|Any CPU
		{C5462009-DF07-4DB4-A472-40E4B2B19351}.silverlight_Release|Any CPU.ActiveCfg = Release|Any CPU
		{C5462009-DF07-4DB4-A472-40E4B2B19351}.silverlight_Release|Any CPU.Build.0 = Release|Any CPU
		{C5462009-DF07-4DB4-A472-40E4B2B19351}.winphone_Debug|Any CPU.ActiveCfg = Debug|Any CPU
		{C5462009-DF07-4DB4-A472-40E4B2B19351}.winphone_Debug|Any CPU.Build.0 = Debug|Any CPU
		{C5462009-DF07-4DB4-A472-40E4B2B19351}.winphone_Release|Any CPU.ActiveCfg = Release|Any CPU
		{C5462009-DF07-4DB4-A472-40E4B2B19351}.winphone_Release|Any CPU.Build.0 = Release|Any CPU
		{BD396537-036F-4C2E-9D8A-E40B291DDBA0}.Debug|Any CPU.ActiveCfg = Debug|Any CPU
		{BD396537-036F-4C2E-9D8A-E40B291DDBA0}.Debug|Any CPU.Build.0 = Debug|Any CPU
		{BD396537-036F-4C2E-9D8A-E40B291DDBA0}.net_2_0_Debug|Any CPU.ActiveCfg = Debug|Any CPU
		{BD396537-036F-4C2E-9D8A-E40B291DDBA0}.net_2_0_Debug|Any CPU.Build.0 = Debug|Any CPU
		{BD396537-036F-4C2E-9D8A-E40B291DDBA0}.net_2_0_Release|Any CPU.ActiveCfg = Release|Any CPU
		{BD396537-036F-4C2E-9D8A-E40B291DDBA0}.net_2_0_Release|Any CPU.Build.0 = Release|Any CPU
		{BD396537-036F-4C2E-9D8A-E40B291DDBA0}.net_3_5_Debug|Any CPU.ActiveCfg = Debug|Any CPU
		{BD396537-036F-4C2E-9D8A-E40B291DDBA0}.net_3_5_Debug|Any CPU.Build.0 = Debug|Any CPU
		{BD396537-036F-4C2E-9D8A-E40B291DDBA0}.net_3_5_Release|Any CPU.ActiveCfg = Release|Any CPU
		{BD396537-036F-4C2E-9D8A-E40B291DDBA0}.net_3_5_Release|Any CPU.Build.0 = Release|Any CPU
		{BD396537-036F-4C2E-9D8A-E40B291DDBA0}.net_4_0_Debug|Any CPU.ActiveCfg = Debug|Any CPU
		{BD396537-036F-4C2E-9D8A-E40B291DDBA0}.net_4_0_Debug|Any CPU.Build.0 = Debug|Any CPU
		{BD396537-036F-4C2E-9D8A-E40B291DDBA0}.net_4_0_Release|Any CPU.ActiveCfg = Release|Any CPU
		{BD396537-036F-4C2E-9D8A-E40B291DDBA0}.net_4_0_Release|Any CPU.Build.0 = Release|Any CPU
		{BD396537-036F-4C2E-9D8A-E40B291DDBA0}.net_4_5_Debug|Any CPU.ActiveCfg = Debug|Any CPU
		{BD396537-036F-4C2E-9D8A-E40B291DDBA0}.net_4_5_Debug|Any CPU.Build.0 = Debug|Any CPU
		{BD396537-036F-4C2E-9D8A-E40B291DDBA0}.net_4_5_Release|Any CPU.ActiveCfg = Release|Any CPU
		{BD396537-036F-4C2E-9D8A-E40B291DDBA0}.net_4_5_Release|Any CPU.Build.0 = Release|Any CPU
		{BD396537-036F-4C2E-9D8A-E40B291DDBA0}.Release|Any CPU.ActiveCfg = Release|Any CPU
		{BD396537-036F-4C2E-9D8A-E40B291DDBA0}.Release|Any CPU.Build.0 = Release|Any CPU
		{BD396537-036F-4C2E-9D8A-E40B291DDBA0}.silverlight_Debug|Any CPU.ActiveCfg = Debug|Any CPU
		{BD396537-036F-4C2E-9D8A-E40B291DDBA0}.silverlight_Debug|Any CPU.Build.0 = Debug|Any CPU
		{BD396537-036F-4C2E-9D8A-E40B291DDBA0}.silverlight_Release|Any CPU.ActiveCfg = Release|Any CPU
		{BD396537-036F-4C2E-9D8A-E40B291DDBA0}.silverlight_Release|Any CPU.Build.0 = Release|Any CPU
		{BD396537-036F-4C2E-9D8A-E40B291DDBA0}.winphone_Debug|Any CPU.ActiveCfg = Debug|Any CPU
		{BD396537-036F-4C2E-9D8A-E40B291DDBA0}.winphone_Debug|Any CPU.Build.0 = Debug|Any CPU
		{BD396537-036F-4C2E-9D8A-E40B291DDBA0}.winphone_Release|Any CPU.ActiveCfg = Release|Any CPU
		{BD396537-036F-4C2E-9D8A-E40B291DDBA0}.winphone_Release|Any CPU.Build.0 = Release|Any CPU
		{2F25E2C1-EE19-4068-8D59-907D3C54C3B7}.Debug|Any CPU.ActiveCfg = Debug|Any CPU
		{2F25E2C1-EE19-4068-8D59-907D3C54C3B7}.Debug|Any CPU.Build.0 = Debug|Any CPU
		{2F25E2C1-EE19-4068-8D59-907D3C54C3B7}.net_2_0_Debug|Any CPU.ActiveCfg = Debug|Any CPU
		{2F25E2C1-EE19-4068-8D59-907D3C54C3B7}.net_2_0_Debug|Any CPU.Build.0 = Debug|Any CPU
		{2F25E2C1-EE19-4068-8D59-907D3C54C3B7}.net_2_0_Release|Any CPU.ActiveCfg = Release|Any CPU
		{2F25E2C1-EE19-4068-8D59-907D3C54C3B7}.net_2_0_Release|Any CPU.Build.0 = Release|Any CPU
		{2F25E2C1-EE19-4068-8D59-907D3C54C3B7}.net_3_5_Debug|Any CPU.ActiveCfg = Debug|Any CPU
		{2F25E2C1-EE19-4068-8D59-907D3C54C3B7}.net_3_5_Debug|Any CPU.Build.0 = Debug|Any CPU
		{2F25E2C1-EE19-4068-8D59-907D3C54C3B7}.net_3_5_Release|Any CPU.ActiveCfg = Release|Any CPU
		{2F25E2C1-EE19-4068-8D59-907D3C54C3B7}.net_3_5_Release|Any CPU.Build.0 = Release|Any CPU
		{2F25E2C1-EE19-4068-8D59-907D3C54C3B7}.net_4_0_Debug|Any CPU.ActiveCfg = Debug|Any CPU
		{2F25E2C1-EE19-4068-8D59-907D3C54C3B7}.net_4_0_Debug|Any CPU.Build.0 = Debug|Any CPU
		{2F25E2C1-EE19-4068-8D59-907D3C54C3B7}.net_4_0_Release|Any CPU.ActiveCfg = Release|Any CPU
		{2F25E2C1-EE19-4068-8D59-907D3C54C3B7}.net_4_0_Release|Any CPU.Build.0 = Release|Any CPU
		{2F25E2C1-EE19-4068-8D59-907D3C54C3B7}.net_4_5_Debug|Any CPU.ActiveCfg = Debug|Any CPU
		{2F25E2C1-EE19-4068-8D59-907D3C54C3B7}.net_4_5_Debug|Any CPU.Build.0 = Debug|Any CPU
		{2F25E2C1-EE19-4068-8D59-907D3C54C3B7}.net_4_5_Release|Any CPU.ActiveCfg = Release|Any CPU
		{2F25E2C1-EE19-4068-8D59-907D3C54C3B7}.net_4_5_Release|Any CPU.Build.0 = Release|Any CPU
		{2F25E2C1-EE19-4068-8D59-907D3C54C3B7}.Release|Any CPU.ActiveCfg = Release|Any CPU
		{2F25E2C1-EE19-4068-8D59-907D3C54C3B7}.Release|Any CPU.Build.0 = Release|Any CPU
		{2F25E2C1-EE19-4068-8D59-907D3C54C3B7}.silverlight_Debug|Any CPU.ActiveCfg = Debug|Any CPU
		{2F25E2C1-EE19-4068-8D59-907D3C54C3B7}.silverlight_Debug|Any CPU.Build.0 = Debug|Any CPU
		{2F25E2C1-EE19-4068-8D59-907D3C54C3B7}.silverlight_Release|Any CPU.ActiveCfg = Release|Any CPU
		{2F25E2C1-EE19-4068-8D59-907D3C54C3B7}.silverlight_Release|Any CPU.Build.0 = Release|Any CPU
		{2F25E2C1-EE19-4068-8D59-907D3C54C3B7}.winphone_Debug|Any CPU.ActiveCfg = Debug|Any CPU
		{2F25E2C1-EE19-4068-8D59-907D3C54C3B7}.winphone_Debug|Any CPU.Build.0 = Debug|Any CPU
		{2F25E2C1-EE19-4068-8D59-907D3C54C3B7}.winphone_Release|Any CPU.ActiveCfg = Release|Any CPU
		{2F25E2C1-EE19-4068-8D59-907D3C54C3B7}.winphone_Release|Any CPU.Build.0 = Release|Any CPU
	EndGlobalSection
	GlobalSection(SolutionProperties) = preSolution
		HideSolutionNode = FALSE
	EndGlobalSection
EndGlobal
