
Microsoft Visual Studio Solution File, Format Version 12.00
# Visual Studio 2013
VisualStudioVersion = 12.0.30501.0
MinimumVisualStudioVersion = 10.0.40219.1
Project("{FAE04EC0-301F-11D3-BF4B-00C04F79EFBC}") = "TopHat", "TopHat\TopHat.csproj", "{9F337C75-5BB7-4678-A761-BBC371E7FC86}"
EndProject
Project("{FAE04EC0-301F-11D3-BF4B-00C04F79EFBC}") = "TopHat.Tests", "TopHat.Tests\TopHat.Tests.csproj", "{CA614821-7E80-4745-B513-64D11A394A34}"
EndProject
Project("{FAE04EC0-301F-11D3-BF4B-00C04F79EFBC}") = "TopHat.MySql", "TopHat.MySql\TopHat.MySql.csproj", "{FC3A4432-A5BE-478B-A6D7-31E2FE2DB8BE}"
EndProject
Project("{FAE04EC0-301F-11D3-BF4B-00C04F79EFBC}") = "PerformanceTest", "PerformanceTest\PerformanceTest.csproj", "{91CDA75F-D19C-48B2-B6CF-7C3ED4592B39}"
EndProject
Project("{FAE04EC0-301F-11D3-BF4B-00C04F79EFBC}") = "TopHat.Tools", "TopHat.Tools\TopHat.Tools.csproj", "{414968D7-E94C-404B-8831-35AA54A656F1}"
EndProject
Project("{FAE04EC0-301F-11D3-BF4B-00C04F79EFBC}") = "dbmanager", "dbmanager\dbmanager.csproj", "{EC074CCB-0934-46C4-BBCC-B306459FC95E}"
EndProject
Global
	GlobalSection(SolutionConfigurationPlatforms) = preSolution
		Debug|Any CPU = Debug|Any CPU
		Release|Any CPU = Release|Any CPU
	EndGlobalSection
	GlobalSection(ProjectConfigurationPlatforms) = postSolution
		{9F337C75-5BB7-4678-A761-BBC371E7FC86}.Debug|Any CPU.ActiveCfg = Debug|Any CPU
		{9F337C75-5BB7-4678-A761-BBC371E7FC86}.Debug|Any CPU.Build.0 = Debug|Any CPU
		{9F337C75-5BB7-4678-A761-BBC371E7FC86}.Release|Any CPU.ActiveCfg = Release|Any CPU
		{9F337C75-5BB7-4678-A761-BBC371E7FC86}.Release|Any CPU.Build.0 = Release|Any CPU
		{CA614821-7E80-4745-B513-64D11A394A34}.Debug|Any CPU.ActiveCfg = Debug|Any CPU
		{CA614821-7E80-4745-B513-64D11A394A34}.Debug|Any CPU.Build.0 = Debug|Any CPU
		{CA614821-7E80-4745-B513-64D11A394A34}.Release|Any CPU.ActiveCfg = Release|Any CPU
		{CA614821-7E80-4745-B513-64D11A394A34}.Release|Any CPU.Build.0 = Release|Any CPU
		{FC3A4432-A5BE-478B-A6D7-31E2FE2DB8BE}.Debug|Any CPU.ActiveCfg = Debug|Any CPU
		{FC3A4432-A5BE-478B-A6D7-31E2FE2DB8BE}.Debug|Any CPU.Build.0 = Debug|Any CPU
		{FC3A4432-A5BE-478B-A6D7-31E2FE2DB8BE}.Release|Any CPU.ActiveCfg = Release|Any CPU
		{FC3A4432-A5BE-478B-A6D7-31E2FE2DB8BE}.Release|Any CPU.Build.0 = Release|Any CPU
		{91CDA75F-D19C-48B2-B6CF-7C3ED4592B39}.Debug|Any CPU.ActiveCfg = Debug|Any CPU
		{91CDA75F-D19C-48B2-B6CF-7C3ED4592B39}.Debug|Any CPU.Build.0 = Debug|Any CPU
		{91CDA75F-D19C-48B2-B6CF-7C3ED4592B39}.Release|Any CPU.ActiveCfg = Release|Any CPU
		{91CDA75F-D19C-48B2-B6CF-7C3ED4592B39}.Release|Any CPU.Build.0 = Release|Any CPU
		{414968D7-E94C-404B-8831-35AA54A656F1}.Debug|Any CPU.ActiveCfg = Debug|Any CPU
		{414968D7-E94C-404B-8831-35AA54A656F1}.Debug|Any CPU.Build.0 = Debug|Any CPU
		{414968D7-E94C-404B-8831-35AA54A656F1}.Release|Any CPU.ActiveCfg = Release|Any CPU
		{414968D7-E94C-404B-8831-35AA54A656F1}.Release|Any CPU.Build.0 = Release|Any CPU
		{EC074CCB-0934-46C4-BBCC-B306459FC95E}.Debug|Any CPU.ActiveCfg = Debug|Any CPU
		{EC074CCB-0934-46C4-BBCC-B306459FC95E}.Debug|Any CPU.Build.0 = Debug|Any CPU
		{EC074CCB-0934-46C4-BBCC-B306459FC95E}.Release|Any CPU.ActiveCfg = Release|Any CPU
		{EC074CCB-0934-46C4-BBCC-B306459FC95E}.Release|Any CPU.Build.0 = Release|Any CPU
	EndGlobalSection
	GlobalSection(SolutionProperties) = preSolution
		HideSolutionNode = FALSE
	EndGlobalSection
EndGlobal
